version = 1
revision = 3
requires-python = "==3.10.*"

[[package]]
name = "async-timeout"
version = "5.0.1"
source = { registry = "https://pypi.org/simple" }
sdist = { url = "https://files.pythonhosted.org/packages/a5/ae/136395dfbfe00dfc94da3f3e136d0b13f394cba8f4841120e34226265780/async_timeout-5.0.1.tar.gz", hash = "sha256:d9321a7a3d5a6a5e187e824d2fa0793ce379a202935782d555d6e9d2735677d3", size = 9274, upload-time = "2024-11-06T16:41:39.6Z" }
wheels = [
    { url = "https://files.pythonhosted.org/packages/fe/ba/e2081de779ca30d473f21f5b30e0e737c438205440784c7dfc81efc2b029/async_timeout-5.0.1-py3-none-any.whl", hash = "sha256:39e3809566ff85354557ec2398b55e096c8364bacac9405a7a1fa429e77fe76c", size = 6233, upload-time = "2024-11-06T16:41:37.9Z" },
]

[[package]]
name = "certifi"
version = "2025.8.3"
source = { registry = "https://pypi.org/simple" }
sdist = { url = "https://files.pythonhosted.org/packages/dc/67/960ebe6bf230a96cda2e0abcf73af550ec4f090005363542f0765df162e0/certifi-2025.8.3.tar.gz", hash = "sha256:e564105f78ded564e3ae7c923924435e1daa7463faeab5bb932bc53ffae63407", size = 162386, upload-time = "2025-08-03T03:07:47.08Z" }
wheels = [
    { url = "https://files.pythonhosted.org/packages/e5/48/1549795ba7742c948d2ad169c1c8cdbae65bc450d6cd753d124b17c8cd32/certifi-2025.8.3-py3-none-any.whl", hash = "sha256:f6c12493cfb1b06ba2ff328595af9350c65d6644968e5d3a2ffd78699af217a5", size = 161216, upload-time = "2025-08-03T03:07:45.777Z" },
]

[[package]]
name = "charset-normalizer"
version = "3.4.3"
source = { registry = "https://pypi.org/simple" }
sdist = { url = "https://files.pythonhosted.org/packages/83/2d/5fd176ceb9b2fc619e63405525573493ca23441330fcdaee6bef9460e924/charset_normalizer-3.4.3.tar.gz", hash = "sha256:6fce4b8500244f6fcb71465d4a4930d132ba9ab8e71a7859e6a5d59851068d14", size = 122371, upload-time = "2025-08-09T07:57:28.46Z" }
wheels = [
    { url = "https://files.pythonhosted.org/packages/d6/98/f3b8013223728a99b908c9344da3aa04ee6e3fa235f19409033eda92fb78/charset_normalizer-3.4.3-cp310-cp310-macosx_10_9_universal2.whl", hash = "sha256:fb7f67a1bfa6e40b438170ebdc8158b78dc465a5a67b6dde178a46987b244a72", size = 207695, upload-time = "2025-08-09T07:55:36.452Z" },
    { url = "https://files.pythonhosted.org/packages/21/40/5188be1e3118c82dcb7c2a5ba101b783822cfb413a0268ed3be0468532de/charset_normalizer-3.4.3-cp310-cp310-manylinux2014_aarch64.manylinux_2_17_aarch64.manylinux_2_28_aarch64.whl", hash = "sha256:cc9370a2da1ac13f0153780040f465839e6cccb4a1e44810124b4e22483c93fe", size = 147153, upload-time = "2025-08-09T07:55:38.467Z" },
    { url = "https://files.pythonhosted.org/packages/37/60/5d0d74bc1e1380f0b72c327948d9c2aca14b46a9efd87604e724260f384c/charset_normalizer-3.4.3-cp310-cp310-manylinux2014_ppc64le.manylinux_2_17_ppc64le.manylinux_2_28_ppc64le.whl", hash = "sha256:07a0eae9e2787b586e129fdcbe1af6997f8d0e5abaa0bc98c0e20e124d67e601", size = 160428, upload-time = "2025-08-09T07:55:40.072Z" },
    { url = "https://files.pythonhosted.org/packages/85/9a/d891f63722d9158688de58d050c59dc3da560ea7f04f4c53e769de5140f5/charset_normalizer-3.4.3-cp310-cp310-manylinux2014_s390x.manylinux_2_17_s390x.manylinux_2_28_s390x.whl", hash = "sha256:74d77e25adda8581ffc1c720f1c81ca082921329452eba58b16233ab1842141c", size = 157627, upload-time = "2025-08-09T07:55:41.706Z" },
    { url = "https://files.pythonhosted.org/packages/65/1a/7425c952944a6521a9cfa7e675343f83fd82085b8af2b1373a2409c683dc/charset_normalizer-3.4.3-cp310-cp310-manylinux2014_x86_64.manylinux_2_17_x86_64.manylinux_2_28_x86_64.whl", hash = "sha256:d0e909868420b7049dafd3a31d45125b31143eec59235311fc4c57ea26a4acd2", size = 152388, upload-time = "2025-08-09T07:55:43.262Z" },
    { url = "https://files.pythonhosted.org/packages/f0/c9/a2c9c2a355a8594ce2446085e2ec97fd44d323c684ff32042e2a6b718e1d/charset_normalizer-3.4.3-cp310-cp310-musllinux_1_2_aarch64.whl", hash = "sha256:c6f162aabe9a91a309510d74eeb6507fab5fff92337a15acbe77753d88d9dcf0", size = 150077, upload-time = "2025-08-09T07:55:44.903Z" },
    { url = "https://files.pythonhosted.org/packages/3b/38/20a1f44e4851aa1c9105d6e7110c9d020e093dfa5836d712a5f074a12bf7/charset_normalizer-3.4.3-cp310-cp310-musllinux_1_2_ppc64le.whl", hash = "sha256:4ca4c094de7771a98d7fbd67d9e5dbf1eb73efa4f744a730437d8a3a5cf994f0", size = 161631, upload-time = "2025-08-09T07:55:46.346Z" },
    { url = "https://files.pythonhosted.org/packages/a4/fa/384d2c0f57edad03d7bec3ebefb462090d8905b4ff5a2d2525f3bb711fac/charset_normalizer-3.4.3-cp310-cp310-musllinux_1_2_s390x.whl", hash = "sha256:02425242e96bcf29a49711b0ca9f37e451da7c70562bc10e8ed992a5a7a25cc0", size = 159210, upload-time = "2025-08-09T07:55:47.539Z" },
    { url = "https://files.pythonhosted.org/packages/33/9e/eca49d35867ca2db336b6ca27617deed4653b97ebf45dfc21311ce473c37/charset_normalizer-3.4.3-cp310-cp310-musllinux_1_2_x86_64.whl", hash = "sha256:78deba4d8f9590fe4dae384aeff04082510a709957e968753ff3c48399f6f92a", size = 153739, upload-time = "2025-08-09T07:55:48.744Z" },
    { url = "https://files.pythonhosted.org/packages/2a/91/26c3036e62dfe8de8061182d33be5025e2424002125c9500faff74a6735e/charset_normalizer-3.4.3-cp310-cp310-win32.whl", hash = "sha256:d79c198e27580c8e958906f803e63cddb77653731be08851c7df0b1a14a8fc0f", size = 99825, upload-time = "2025-08-09T07:55:50.305Z" },
    { url = "https://files.pythonhosted.org/packages/e2/c6/f05db471f81af1fa01839d44ae2a8bfeec8d2a8b4590f16c4e7393afd323/charset_normalizer-3.4.3-cp310-cp310-win_amd64.whl", hash = "sha256:c6e490913a46fa054e03699c70019ab869e990270597018cef1d8562132c2669", size = 107452, upload-time = "2025-08-09T07:55:51.461Z" },
    { url = "https://files.pythonhosted.org/packages/8a/1f/f041989e93b001bc4e44bb1669ccdcf54d3f00e628229a85b08d330615c5/charset_normalizer-3.4.3-py3-none-any.whl", hash = "sha256:ce571ab16d890d23b5c278547ba694193a45011ff86a9162a71307ed9f86759a", size = 53175, upload-time = "2025-08-09T07:57:26.864Z" },
]

[[package]]
name = "cli"
version = "0.1.0"
source = { virtual = "." }
dependencies = [
    { name = "diskcache" },
    { name = "dotenv" },
    { name = "lxml" },
    { name = "numpy" },
    { name = "pandas" },
    { name = "psycopg2" },
    { name = "pyyaml" },
    { name = "redis" },
    { name = "requests" },
    { name = "sentry-sdk" },
    { name = "sqlalchemy" },
    { name = "typer" },
]

[package.metadata]
requires-dist = [
    { name = "diskcache", specifier = ">=5.6.3" },
    { name = "dotenv", specifier = ">=0.9.9" },
    { name = "lxml", specifier = ">=6.0.0" },
    { name = "numpy", specifier = "==1.26.4" },
    { name = "pandas", specifier = "==1.5.3" },
    { name = "psycopg2", specifier = ">=2.9.10" },
    { name = "pyyaml", specifier = ">=6.0.2" },
    { name = "redis", specifier = ">=6.4.0" },
    { name = "requests", specifier = ">=2.32.5" },
    { name = "sentry-sdk", specifier = ">=2.35.0" },
    { name = "sqlalchemy", specifier = ">=1.4.16,<2.0" },
    { name = "typer", specifier = ">=0.16.1" },
]

[[package]]
name = "click"
version = "8.2.1"
source = { registry = "https://pypi.org/simple" }
dependencies = [
    { name = "colorama", marker = "sys_platform == 'win32'" },
]
sdist = { url = "https://files.pythonhosted.org/packages/60/6c/8ca2efa64cf75a977a0d7fac081354553ebe483345c734fb6b6515d96bbc/click-8.2.1.tar.gz", hash = "sha256:27c491cc05d968d271d5a1db13e3b5a184636d9d930f148c50b038f0d0646202", size = 286342, upload-time = "2025-05-20T23:19:49.832Z" }
wheels = [
    { url = "https://files.pythonhosted.org/packages/85/32/10bb5764d90a8eee674e9dc6f4db6a0ab47c8c4d0d83c27f7c39ac415a4d/click-8.2.1-py3-none-any.whl", hash = "sha256:61a3265b914e850b85317d0b3109c7f8cd35a670f963866005d6ef1d5175a12b", size = 102215, upload-time = "2025-05-20T23:19:47.796Z" },
]

[[package]]
name = "colorama"
version = "0.4.6"
source = { registry = "https://pypi.org/simple" }
sdist = { url = "https://files.pythonhosted.org/packages/d8/53/6f443c9a4a8358a93a6792e2acffb9d9d5cb0a5cfd8802644b7b1c9a02e4/colorama-0.4.6.tar.gz", hash = "sha256:08695f5cb7ed6e0531a20572697297273c47b8cae5a63ffc6d6ed5c201be6e44", size = 27697, upload-time = "2022-10-25T02:36:22.414Z" }
wheels = [
    { url = "https://files.pythonhosted.org/packages/d1/d6/3965ed04c63042e047cb6a3e6ed1a63a35087b6a609aa3a15ed8ac56c221/colorama-0.4.6-py2.py3-none-any.whl", hash = "sha256:4f1d9991f5acc0ca119f9d443620b77f9d6b33703e51011c16baf57afb285fc6", size = 25335, upload-time = "2022-10-25T02:36:20.889Z" },
]

[[package]]
name = "diskcache"
version = "5.6.3"
source = { registry = "https://pypi.org/simple" }
sdist = { url = "https://files.pythonhosted.org/packages/3f/21/1c1ffc1a039ddcc459db43cc108658f32c57d271d7289a2794e401d0fdb6/diskcache-5.6.3.tar.gz", hash = "sha256:2c3a3fa2743d8535d832ec61c2054a1641f41775aa7c556758a109941e33e4fc", size = 67916, upload-time = "2023-08-31T06:12:00.316Z" }
wheels = [
    { url = "https://files.pythonhosted.org/packages/3f/27/4570e78fc0bf5ea0ca45eb1de3818a23787af9b390c0b0a0033a1b8236f9/diskcache-5.6.3-py3-none-any.whl", hash = "sha256:5e31b2d5fbad117cc363ebaf6b689474db18a1f6438bc82358b024abd4c2ca19", size = 45550, upload-time = "2023-08-31T06:11:58.822Z" },
]

[[package]]
name = "dotenv"
version = "0.9.9"
source = { registry = "https://pypi.org/simple" }
dependencies = [
    { name = "python-dotenv" },
]
wheels = [
    { url = "https://files.pythonhosted.org/packages/b2/b7/545d2c10c1fc15e48653c91efde329a790f2eecfbbf2bd16003b5db2bab0/dotenv-0.9.9-py2.py3-none-any.whl", hash = "sha256:29cf74a087b31dafdb5a446b6d7e11cbce8ed2741540e2339c69fbef92c94ce9", size = 1892, upload-time = "2025-02-19T22:15:01.647Z" },
]

[[package]]
name = "greenlet"
version = "3.2.4"
source = { registry = "https://pypi.org/simple" }
sdist = { url = "https://files.pythonhosted.org/packages/03/b8/704d753a5a45507a7aab61f18db9509302ed3d0a27ac7e0359ec2905b1a6/greenlet-3.2.4.tar.gz", hash = "sha256:0dca0d95ff849f9a364385f36ab49f50065d76964944638be9691e1832e9f86d", size = 188260, upload-time = "2025-08-07T13:24:33.51Z" }
wheels = [
    { url = "https://files.pythonhosted.org/packages/7d/ed/6bfa4109fcb23a58819600392564fea69cdc6551ffd5e69ccf1d52a40cbc/greenlet-3.2.4-cp310-cp310-macosx_11_0_universal2.whl", hash = "sha256:8c68325b0d0acf8d91dde4e6f930967dd52a5302cd4062932a6b2e7c2969f47c", size = 271061, upload-time = "2025-08-07T13:17:15.373Z" },
    { url = "https://files.pythonhosted.org/packages/2a/fc/102ec1a2fc015b3a7652abab7acf3541d58c04d3d17a8d3d6a44adae1eb1/greenlet-3.2.4-cp310-cp310-manylinux2014_aarch64.manylinux_2_17_aarch64.whl", hash = "sha256:94385f101946790ae13da500603491f04a76b6e4c059dab271b3ce2e283b2590", size = 629475, upload-time = "2025-08-07T13:42:54.009Z" },
    { url = "https://files.pythonhosted.org/packages/c5/26/80383131d55a4ac0fb08d71660fd77e7660b9db6bdb4e8884f46d9f2cc04/greenlet-3.2.4-cp310-cp310-manylinux2014_ppc64le.manylinux_2_17_ppc64le.whl", hash = "sha256:f10fd42b5ee276335863712fa3da6608e93f70629c631bf77145021600abc23c", size = 640802, upload-time = "2025-08-07T13:45:25.52Z" },
    { url = "https://files.pythonhosted.org/packages/9f/7c/e7833dbcd8f376f3326bd728c845d31dcde4c84268d3921afcae77d90d08/greenlet-3.2.4-cp310-cp310-manylinux2014_s390x.manylinux_2_17_s390x.whl", hash = "sha256:c8c9e331e58180d0d83c5b7999255721b725913ff6bc6cf39fa2a45841a4fd4b", size = 636703, upload-time = "2025-08-07T13:53:12.622Z" },
    { url = "https://files.pythonhosted.org/packages/e9/49/547b93b7c0428ede7b3f309bc965986874759f7d89e4e04aeddbc9699acb/greenlet-3.2.4-cp310-cp310-manylinux2014_x86_64.manylinux_2_17_x86_64.whl", hash = "sha256:58b97143c9cc7b86fc458f215bd0932f1757ce649e05b640fea2e79b54cedb31", size = 635417, upload-time = "2025-08-07T13:18:25.189Z" },
    { url = "https://files.pythonhosted.org/packages/7f/91/ae2eb6b7979e2f9b035a9f612cf70f1bf54aad4e1d125129bef1eae96f19/greenlet-3.2.4-cp310-cp310-manylinux_2_24_x86_64.manylinux_2_28_x86_64.whl", hash = "sha256:c2ca18a03a8cfb5b25bc1cbe20f3d9a4c80d8c3b13ba3df49ac3961af0b1018d", size = 584358, upload-time = "2025-08-07T13:18:23.708Z" },
    { url = "https://files.pythonhosted.org/packages/f7/85/433de0c9c0252b22b16d413c9407e6cb3b41df7389afc366ca204dbc1393/greenlet-3.2.4-cp310-cp310-musllinux_1_1_aarch64.whl", hash = "sha256:9fe0a28a7b952a21e2c062cd5756d34354117796c6d9215a87f55e38d15402c5", size = 1113550, upload-time = "2025-08-07T13:42:37.467Z" },
    { url = "https://files.pythonhosted.org/packages/a1/8d/88f3ebd2bc96bf7747093696f4335a0a8a4c5acfcf1b757717c0d2474ba3/greenlet-3.2.4-cp310-cp310-musllinux_1_1_x86_64.whl", hash = "sha256:8854167e06950ca75b898b104b63cc646573aa5fef1353d4508ecdd1ee76254f", size = 1137126, upload-time = "2025-08-07T13:18:20.239Z" },
    { url = "https://files.pythonhosted.org/packages/d6/6f/b60b0291d9623c496638c582297ead61f43c4b72eef5e9c926ef4565ec13/greenlet-3.2.4-cp310-cp310-win_amd64.whl", hash = "sha256:73f49b5368b5359d04e18d15828eecc1806033db5233397748f4ca813ff1056c", size = 298654, upload-time = "2025-08-07T13:50:00.469Z" },
]

[[package]]
name = "idna"
version = "3.10"
source = { registry = "https://pypi.org/simple" }
sdist = { url = "https://files.pythonhosted.org/packages/f1/70/7703c29685631f5a7590aa73f1f1d3fa9a380e654b86af429e0934a32f7d/idna-3.10.tar.gz", hash = "sha256:12f65c9b470abda6dc35cf8e63cc574b1c52b11df2c86030af0ac09b01b13ea9", size = 190490, upload-time = "2024-09-15T18:07:39.745Z" }
wheels = [
    { url = "https://files.pythonhosted.org/packages/76/c6/c88e154df9c4e1a2a66ccf0005a88dfb2650c1dffb6f5ce603dfbd452ce3/idna-3.10-py3-none-any.whl", hash = "sha256:946d195a0d259cbba61165e88e65941f16e9b36ea6ddb97f00452bae8b1287d3", size = 70442, upload-time = "2024-09-15T18:07:37.964Z" },
]

[[package]]
name = "lxml"
version = "6.0.0"
source = { registry = "https://pypi.org/simple" }
sdist = { url = "https://files.pythonhosted.org/packages/c5/ed/60eb6fa2923602fba988d9ca7c5cdbd7cf25faa795162ed538b527a35411/lxml-6.0.0.tar.gz", hash = "sha256:032e65120339d44cdc3efc326c9f660f5f7205f3a535c1fdbf898b29ea01fb72", size = 4096938, upload-time = "2025-06-26T16:28:19.373Z" }
wheels = [
    { url = "https://files.pythonhosted.org/packages/4b/e9/9c3ca02fbbb7585116c2e274b354a2d92b5c70561687dd733ec7b2018490/lxml-6.0.0-cp310-cp310-macosx_10_9_universal2.whl", hash = "sha256:35bc626eec405f745199200ccb5c6b36f202675d204aa29bb52e27ba2b71dea8", size = 8399057, upload-time = "2025-06-26T16:25:02.169Z" },
    { url = "https://files.pythonhosted.org/packages/86/25/10a6e9001191854bf283515020f3633b1b1f96fd1b39aa30bf8fff7aa666/lxml-6.0.0-cp310-cp310-macosx_10_9_x86_64.whl", hash = "sha256:246b40f8a4aec341cbbf52617cad8ab7c888d944bfe12a6abd2b1f6cfb6f6082", size = 4569676, upload-time = "2025-06-26T16:25:05.431Z" },
    { url = "https://files.pythonhosted.org/packages/f5/a5/378033415ff61d9175c81de23e7ad20a3ffb614df4ffc2ffc86bc6746ffd/lxml-6.0.0-cp310-cp310-manylinux2010_i686.manylinux2014_i686.manylinux_2_12_i686.manylinux_2_17_i686.whl", hash = "sha256:2793a627e95d119e9f1e19720730472f5543a6d84c50ea33313ce328d870f2dd", size = 5291361, upload-time = "2025-06-26T16:25:07.901Z" },
    { url = "https://files.pythonhosted.org/packages/5a/a6/19c87c4f3b9362b08dc5452a3c3bce528130ac9105fc8fff97ce895ce62e/lxml-6.0.0-cp310-cp310-manylinux2014_aarch64.manylinux_2_17_aarch64.whl", hash = "sha256:46b9ed911f36bfeb6338e0b482e7fe7c27d362c52fde29f221fddbc9ee2227e7", size = 5008290, upload-time = "2025-06-28T18:47:13.196Z" },
    { url = "https://files.pythonhosted.org/packages/09/d1/e9b7ad4b4164d359c4d87ed8c49cb69b443225cb495777e75be0478da5d5/lxml-6.0.0-cp310-cp310-manylinux2014_x86_64.manylinux_2_17_x86_64.whl", hash = "sha256:2b4790b558bee331a933e08883c423f65bbcd07e278f91b2272489e31ab1e2b4", size = 5163192, upload-time = "2025-06-28T18:47:17.279Z" },
    { url = "https://files.pythonhosted.org/packages/56/d6/b3eba234dc1584744b0b374a7f6c26ceee5dc2147369a7e7526e25a72332/lxml-6.0.0-cp310-cp310-manylinux_2_27_aarch64.manylinux_2_28_aarch64.whl", hash = "sha256:e2030956cf4886b10be9a0285c6802e078ec2391e1dd7ff3eb509c2c95a69b76", size = 5076973, upload-time = "2025-06-26T16:25:10.936Z" },
    { url = "https://files.pythonhosted.org/packages/8e/47/897142dd9385dcc1925acec0c4afe14cc16d310ce02c41fcd9010ac5d15d/lxml-6.0.0-cp310-cp310-manylinux_2_27_x86_64.manylinux_2_28_x86_64.whl", hash = "sha256:4d23854ecf381ab1facc8f353dcd9adeddef3652268ee75297c1164c987c11dc", size = 5297795, upload-time = "2025-06-26T16:25:14.282Z" },
    { url = "https://files.pythonhosted.org/packages/fb/db/551ad84515c6f415cea70193a0ff11d70210174dc0563219f4ce711655c6/lxml-6.0.0-cp310-cp310-manylinux_2_31_armv7l.whl", hash = "sha256:43fe5af2d590bf4691531b1d9a2495d7aab2090547eaacd224a3afec95706d76", size = 4776547, upload-time = "2025-06-26T16:25:17.123Z" },
    { url = "https://files.pythonhosted.org/packages/e0/14/c4a77ab4f89aaf35037a03c472f1ccc54147191888626079bd05babd6808/lxml-6.0.0-cp310-cp310-musllinux_1_2_aarch64.whl", hash = "sha256:74e748012f8c19b47f7d6321ac929a9a94ee92ef12bc4298c47e8b7219b26541", size = 5124904, upload-time = "2025-06-26T16:25:19.485Z" },
    { url = "https://files.pythonhosted.org/packages/70/b4/12ae6a51b8da106adec6a2e9c60f532350a24ce954622367f39269e509b1/lxml-6.0.0-cp310-cp310-musllinux_1_2_armv7l.whl", hash = "sha256:43cfbb7db02b30ad3926e8fceaef260ba2fb7df787e38fa2df890c1ca7966c3b", size = 4805804, upload-time = "2025-06-26T16:25:21.949Z" },
    { url = "https://files.pythonhosted.org/packages/a9/b6/2e82d34d49f6219cdcb6e3e03837ca5fb8b7f86c2f35106fb8610ac7f5b8/lxml-6.0.0-cp310-cp310-musllinux_1_2_x86_64.whl", hash = "sha256:34190a1ec4f1e84af256495436b2d196529c3f2094f0af80202947567fdbf2e7", size = 5323477, upload-time = "2025-06-26T16:25:24.475Z" },
    { url = "https://files.pythonhosted.org/packages/a1/e6/b83ddc903b05cd08a5723fefd528eee84b0edd07bdf87f6c53a1fda841fd/lxml-6.0.0-cp310-cp310-win32.whl", hash = "sha256:5967fe415b1920a3877a4195e9a2b779249630ee49ece22021c690320ff07452", size = 3613840, upload-time = "2025-06-26T16:25:27.345Z" },
    { url = "https://files.pythonhosted.org/packages/40/af/874fb368dd0c663c030acb92612341005e52e281a102b72a4c96f42942e1/lxml-6.0.0-cp310-cp310-win_amd64.whl", hash = "sha256:f3389924581d9a770c6caa4df4e74b606180869043b9073e2cec324bad6e306e", size = 3993584, upload-time = "2025-06-26T16:25:29.391Z" },
    { url = "https://files.pythonhosted.org/packages/4a/f4/d296bc22c17d5607653008f6dd7b46afdfda12efd31021705b507df652bb/lxml-6.0.0-cp310-cp310-win_arm64.whl", hash = "sha256:522fe7abb41309e9543b0d9b8b434f2b630c5fdaf6482bee642b34c8c70079c8", size = 3681400, upload-time = "2025-06-26T16:25:31.421Z" },
    { url = "https://files.pythonhosted.org/packages/66/e1/2c22a3cff9e16e1d717014a1e6ec2bf671bf56ea8716bb64466fcf820247/lxml-6.0.0-pp310-pypy310_pp73-macosx_10_15_x86_64.whl", hash = "sha256:dbdd7679a6f4f08152818043dbb39491d1af3332128b3752c3ec5cebc0011a72", size = 3898804, upload-time = "2025-06-26T16:27:59.751Z" },
    { url = "https://files.pythonhosted.org/packages/2b/3a/d68cbcb4393a2a0a867528741fafb7ce92dac5c9f4a1680df98e5e53e8f5/lxml-6.0.0-pp310-pypy310_pp73-manylinux2014_aarch64.manylinux_2_17_aarch64.whl", hash = "sha256:40442e2a4456e9910875ac12951476d36c0870dcb38a68719f8c4686609897c4", size = 4216406, upload-time = "2025-06-28T18:47:45.518Z" },
    { url = "https://files.pythonhosted.org/packages/15/8f/d9bfb13dff715ee3b2a1ec2f4a021347ea3caf9aba93dea0cfe54c01969b/lxml-6.0.0-pp310-pypy310_pp73-manylinux2014_x86_64.manylinux_2_17_x86_64.whl", hash = "sha256:db0efd6bae1c4730b9c863fc4f5f3c0fa3e8f05cae2c44ae141cb9dfc7d091dc", size = 4326455, upload-time = "2025-06-28T18:47:48.411Z" },
    { url = "https://files.pythonhosted.org/packages/01/8b/fde194529ee8a27e6f5966d7eef05fa16f0567e4a8e8abc3b855ef6b3400/lxml-6.0.0-pp310-pypy310_pp73-manylinux_2_27_aarch64.manylinux_2_28_aarch64.whl", hash = "sha256:9ab542c91f5a47aaa58abdd8ea84b498e8e49fe4b883d67800017757a3eb78e8", size = 4268788, upload-time = "2025-06-26T16:28:02.776Z" },
    { url = "https://files.pythonhosted.org/packages/99/a8/3b8e2581b4f8370fc9e8dc343af4abdfadd9b9229970fc71e67bd31c7df1/lxml-6.0.0-pp310-pypy310_pp73-manylinux_2_27_x86_64.manylinux_2_28_x86_64.whl", hash = "sha256:013090383863b72c62a702d07678b658fa2567aa58d373d963cca245b017e065", size = 4411394, upload-time = "2025-06-26T16:28:05.179Z" },
    { url = "https://files.pythonhosted.org/packages/e7/a5/899a4719e02ff4383f3f96e5d1878f882f734377f10dfb69e73b5f223e44/lxml-6.0.0-pp310-pypy310_pp73-win_amd64.whl", hash = "sha256:c86df1c9af35d903d2b52d22ea3e66db8058d21dc0f59842ca5deb0595921141", size = 3517946, upload-time = "2025-06-26T16:28:07.665Z" },
]

[[package]]
name = "markdown-it-py"
version = "4.0.0"
source = { registry = "https://pypi.org/simple" }
dependencies = [
    { name = "mdurl" },
]
sdist = { url = "https://files.pythonhosted.org/packages/5b/f5/4ec618ed16cc4f8fb3b701563655a69816155e79e24a17b651541804721d/markdown_it_py-4.0.0.tar.gz", hash = "sha256:cb0a2b4aa34f932c007117b194e945bd74e0ec24133ceb5bac59009cda1cb9f3", size = 73070, upload-time = "2025-08-11T12:57:52.854Z" }
wheels = [
    { url = "https://files.pythonhosted.org/packages/94/54/e7d793b573f298e1c9013b8c4dade17d481164aa517d1d7148619c2cedbf/markdown_it_py-4.0.0-py3-none-any.whl", hash = "sha256:87327c59b172c5011896038353a81343b6754500a08cd7a4973bb48c6d578147", size = 87321, upload-time = "2025-08-11T12:57:51.923Z" },
]

[[package]]
name = "mdurl"
version = "0.1.2"
source = { registry = "https://pypi.org/simple" }
sdist = { url = "https://files.pythonhosted.org/packages/d6/54/cfe61301667036ec958cb99bd3efefba235e65cdeb9c84d24a8293ba1d90/mdurl-0.1.2.tar.gz", hash = "sha256:bb413d29f5eea38f31dd4754dd7377d4465116fb207585f97bf925588687c1ba", size = 8729, upload-time = "2022-08-14T12:40:10.846Z" }
wheels = [
    { url = "https://files.pythonhosted.org/packages/b3/38/89ba8ad64ae25be8de66a6d463314cf1eb366222074cfda9ee839c56a4b4/mdurl-0.1.2-py3-none-any.whl", hash = "sha256:84008a41e51615a49fc9966191ff91509e3c40b939176e643fd50a5c2196b8f8", size = 9979, upload-time = "2022-08-14T12:40:09.779Z" },
]

[[package]]
name = "numpy"
version = "1.26.4"
source = { registry = "https://pypi.org/simple" }
sdist = { url = "https://files.pythonhosted.org/packages/65/6e/09db70a523a96d25e115e71cc56a6f9031e7b8cd166c1ac8438307c14058/numpy-1.26.4.tar.gz", hash = "sha256:2a02aba9ed12e4ac4eb3ea9421c420301a0c6460d9830d74a9df87efa4912010", size = 15786129, upload-time = "2024-02-06T00:26:44.495Z" }
wheels = [
    { url = "https://files.pythonhosted.org/packages/a7/94/ace0fdea5241a27d13543ee117cbc65868e82213fb31a8eb7fe9ff23f313/numpy-1.26.4-cp310-cp310-macosx_10_9_x86_64.whl", hash = "sha256:9ff0f4f29c51e2803569d7a51c2304de5554655a60c5d776e35b4a41413830d0", size = 20631468, upload-time = "2024-02-05T23:48:01.194Z" },
    { url = "https://files.pythonhosted.org/packages/20/f7/b24208eba89f9d1b58c1668bc6c8c4fd472b20c45573cb767f59d49fb0f6/numpy-1.26.4-cp310-cp310-macosx_11_0_arm64.whl", hash = "sha256:2e4ee3380d6de9c9ec04745830fd9e2eccb3e6cf790d39d7b98ffd19b0dd754a", size = 13966411, upload-time = "2024-02-05T23:48:29.038Z" },
    { url = "https://files.pythonhosted.org/packages/fc/a5/4beee6488160798683eed5bdb7eead455892c3b4e1f78d79d8d3f3b084ac/numpy-1.26.4-cp310-cp310-manylinux_2_17_aarch64.manylinux2014_aarch64.whl", hash = "sha256:d209d8969599b27ad20994c8e41936ee0964e6da07478d6c35016bc386b66ad4", size = 14219016, upload-time = "2024-02-05T23:48:54.098Z" },
    { url = "https://files.pythonhosted.org/packages/4b/d7/ecf66c1cd12dc28b4040b15ab4d17b773b87fa9d29ca16125de01adb36cd/numpy-1.26.4-cp310-cp310-manylinux_2_17_x86_64.manylinux2014_x86_64.whl", hash = "sha256:ffa75af20b44f8dba823498024771d5ac50620e6915abac414251bd971b4529f", size = 18240889, upload-time = "2024-02-05T23:49:25.361Z" },
    { url = "https://files.pythonhosted.org/packages/24/03/6f229fe3187546435c4f6f89f6d26c129d4f5bed40552899fcf1f0bf9e50/numpy-1.26.4-cp310-cp310-musllinux_1_1_aarch64.whl", hash = "sha256:62b8e4b1e28009ef2846b4c7852046736bab361f7aeadeb6a5b89ebec3c7055a", size = 13876746, upload-time = "2024-02-05T23:49:51.983Z" },
    { url = "https://files.pythonhosted.org/packages/39/fe/39ada9b094f01f5a35486577c848fe274e374bbf8d8f472e1423a0bbd26d/numpy-1.26.4-cp310-cp310-musllinux_1_1_x86_64.whl", hash = "sha256:a4abb4f9001ad2858e7ac189089c42178fcce737e4169dc61321660f1a96c7d2", size = 18078620, upload-time = "2024-02-05T23:50:22.515Z" },
    { url = "https://files.pythonhosted.org/packages/d5/ef/6ad11d51197aad206a9ad2286dc1aac6a378059e06e8cf22cd08ed4f20dc/numpy-1.26.4-cp310-cp310-win32.whl", hash = "sha256:bfe25acf8b437eb2a8b2d49d443800a5f18508cd811fea3181723922a8a82b07", size = 5972659, upload-time = "2024-02-05T23:50:35.834Z" },
    { url = "https://files.pythonhosted.org/packages/19/77/538f202862b9183f54108557bfda67e17603fc560c384559e769321c9d92/numpy-1.26.4-cp310-cp310-win_amd64.whl", hash = "sha256:b97fe8060236edf3662adfc2c633f56a08ae30560c56310562cb4f95500022d5", size = 15808905, upload-time = "2024-02-05T23:51:03.701Z" },
]

[[package]]
name = "pandas"
version = "1.5.3"
source = { registry = "https://pypi.org/simple" }
dependencies = [
    { name = "numpy" },
    { name = "python-dateutil" },
    { name = "pytz" },
]
sdist = { url = "https://files.pythonhosted.org/packages/74/ee/146cab1ff6d575b54ace8a6a5994048380dc94879b0125b25e62edcb9e52/pandas-1.5.3.tar.gz", hash = "sha256:74a3fd7e5a7ec052f183273dc7b0acd3a863edf7520f5d3a1765c04ffdb3b0b1", size = 5203060, upload-time = "2023-01-19T08:31:39.615Z" }
wheels = [
    { url = "https://files.pythonhosted.org/packages/a9/cd/34f6b0780301be81be804d7aa71d571457369e6131e2b330af2b0fed1aad/pandas-1.5.3-cp310-cp310-macosx_10_9_universal2.whl", hash = "sha256:3749077d86e3a2f0ed51367f30bf5b82e131cc0f14260c4d3e499186fccc4406", size = 18619230, upload-time = "2023-01-19T08:29:07.301Z" },
    { url = "https://files.pythonhosted.org/packages/5f/34/b7858bb7d6d6bf4d9df1dde777a11fcf3ff370e1d1b3956e3d0fcca8322c/pandas-1.5.3-cp310-cp310-macosx_10_9_x86_64.whl", hash = "sha256:972d8a45395f2a2d26733eb8d0f629b2f90bebe8e8eddbb8829b180c09639572", size = 11982991, upload-time = "2023-01-19T08:29:15.383Z" },
    { url = "https://files.pythonhosted.org/packages/b8/6c/005bd604994f7cbede4d7bf030614ef49a2213f76bc3d738ecf5b0dcc810/pandas-1.5.3-cp310-cp310-macosx_11_0_arm64.whl", hash = "sha256:50869a35cbb0f2e0cd5ec04b191e7b12ed688874bd05dd777c19b28cbea90996", size = 10927131, upload-time = "2023-01-19T08:29:20.342Z" },
    { url = "https://files.pythonhosted.org/packages/27/c7/35b81ce5f680f2dac55eac14d103245cd8cf656ae4a2ff3be2e69fd1d330/pandas-1.5.3-cp310-cp310-manylinux_2_17_aarch64.manylinux2014_aarch64.whl", hash = "sha256:c3ac844a0fe00bfaeb2c9b51ab1424e5c8744f89860b138434a363b1f620f354", size = 11368188, upload-time = "2023-01-19T08:29:25.807Z" },
    { url = "https://files.pythonhosted.org/packages/49/e2/79e46612dc25ebc7603dc11c560baa7266c90f9e48537ecf1a02a0dd6bff/pandas-1.5.3-cp310-cp310-manylinux_2_17_x86_64.manylinux2014_x86_64.whl", hash = "sha256:7a0a56cef15fd1586726dace5616db75ebcfec9179a3a55e78f72c5639fa2a23", size = 12062104, upload-time = "2023-01-19T08:29:30.695Z" },
    { url = "https://files.pythonhosted.org/packages/d9/cd/f27c2992cbe05a3e39937f73a4be635a9ec149ec3ca4467d8cf039718994/pandas-1.5.3-cp310-cp310-win_amd64.whl", hash = "sha256:478ff646ca42b20376e4ed3fa2e8d7341e8a63105586efe54fa2508ee087f328", size = 10362473, upload-time = "2023-01-19T08:29:37.506Z" },
]

[[package]]
name = "psycopg2"
version = "2.9.10"
source = { registry = "https://pypi.org/simple" }
sdist = { url = "https://files.pythonhosted.org/packages/62/51/2007ea29e605957a17ac6357115d0c1a1b60c8c984951c19419b3474cdfd/psycopg2-2.9.10.tar.gz", hash = "sha256:12ec0b40b0273f95296233e8750441339298e6a572f7039da5b260e3c8b60e11", size = 385672, upload-time = "2024-10-16T11:24:54.832Z" }
wheels = [
    { url = "https://files.pythonhosted.org/packages/0a/a9/146b6bdc0d33539a359f5e134ee6dda9173fb8121c5b96af33fa299e50c4/psycopg2-2.9.10-cp310-cp310-win32.whl", hash = "sha256:5df2b672140f95adb453af93a7d669d7a7bf0a56bcd26f1502329166f4a61716", size = 1024527, upload-time = "2024-10-16T11:18:24.43Z" },
    { url = "https://files.pythonhosted.org/packages/47/50/c509e56f725fd2572b59b69bd964edaf064deebf1c896b2452f6b46fdfb3/psycopg2-2.9.10-cp310-cp310-win_amd64.whl", hash = "sha256:c6f7b8561225f9e711a9c47087388a97fdc948211c10a4bccbf0ba68ab7b3b5a", size = 1163735, upload-time = "2024-10-16T11:18:29.586Z" },
]

[[package]]
name = "pygments"
version = "2.19.2"
source = { registry = "https://pypi.org/simple" }
sdist = { url = "https://files.pythonhosted.org/packages/b0/77/a5b8c569bf593b0140bde72ea885a803b82086995367bf2037de0159d924/pygments-2.19.2.tar.gz", hash = "sha256:636cb2477cec7f8952536970bc533bc43743542f70392ae026374600add5b887", size = 4968631, upload-time = "2025-06-21T13:39:12.283Z" }
wheels = [
    { url = "https://files.pythonhosted.org/packages/c7/21/705964c7812476f378728bdf590ca4b771ec72385c533964653c68e86bdc/pygments-2.19.2-py3-none-any.whl", hash = "sha256:86540386c03d588bb81d44bc3928634ff26449851e99741617ecb9037ee5ec0b", size = 1225217, upload-time = "2025-06-21T13:39:07.939Z" },
]

[[package]]
name = "python-dateutil"
version = "2.9.0.post0"
source = { registry = "https://pypi.org/simple" }
dependencies = [
    { name = "six" },
]
sdist = { url = "https://files.pythonhosted.org/packages/66/c0/0c8b6ad9f17a802ee498c46e004a0eb49bc148f2fd230864601a86dcf6db/python-dateutil-2.9.0.post0.tar.gz", hash = "sha256:37dd54208da7e1cd875388217d5e00ebd4179249f90fb72437e91a35459a0ad3", size = 342432, upload-time = "2024-03-01T18:36:20.211Z" }
wheels = [
    { url = "https://files.pythonhosted.org/packages/ec/57/56b9bcc3c9c6a792fcbaf139543cee77261f3651ca9da0c93f5c1221264b/python_dateutil-2.9.0.post0-py2.py3-none-any.whl", hash = "sha256:a8b2bc7bffae282281c8140a97d3aa9c14da0b136dfe83f850eea9a5f7470427", size = 229892, upload-time = "2024-03-01T18:36:18.57Z" },
]

[[package]]
name = "python-dotenv"
version = "1.1.1"
source = { registry = "https://pypi.org/simple" }
sdist = { url = "https://files.pythonhosted.org/packages/f6/b0/4bc07ccd3572a2f9df7e6782f52b0c6c90dcbb803ac4a167702d7d0dfe1e/python_dotenv-1.1.1.tar.gz", hash = "sha256:a8a6399716257f45be6a007360200409fce5cda2661e3dec71d23dc15f6189ab", size = 41978, upload-time = "2025-06-24T04:21:07.341Z" }
wheels = [
    { url = "https://files.pythonhosted.org/packages/5f/ed/539768cf28c661b5b068d66d96a2f155c4971a5d55684a514c1a0e0dec2f/python_dotenv-1.1.1-py3-none-any.whl", hash = "sha256:31f23644fe2602f88ff55e1f5c79ba497e01224ee7737937930c448e4d0e24dc", size = 20556, upload-time = "2025-06-24T04:21:06.073Z" },
]

[[package]]
name = "pytz"
version = "2025.2"
source = { registry = "https://pypi.org/simple" }
sdist = { url = "https://files.pythonhosted.org/packages/f8/bf/abbd3cdfb8fbc7fb3d4d38d320f2441b1e7cbe29be4f23797b4a2b5d8aac/pytz-2025.2.tar.gz", hash = "sha256:360b9e3dbb49a209c21ad61809c7fb453643e048b38924c765813546746e81c3", size = 320884, upload-time = "2025-03-25T02:25:00.538Z" }
wheels = [
    { url = "https://files.pythonhosted.org/packages/81/c4/34e93fe5f5429d7570ec1fa436f1986fb1f00c3e0f43a589fe2bbcd22c3f/pytz-2025.2-py2.py3-none-any.whl", hash = "sha256:5ddf76296dd8c44c26eb8f4b6f35488f3ccbf6fbbd7adee0b7262d43f0ec2f00", size = 509225, upload-time = "2025-03-25T02:24:58.468Z" },
]

[[package]]
name = "pyyaml"
version = "6.0.2"
source = { registry = "https://pypi.org/simple" }
sdist = { url = "https://files.pythonhosted.org/packages/54/ed/79a089b6be93607fa5cdaedf301d7dfb23af5f25c398d5ead2525b063e17/pyyaml-6.0.2.tar.gz", hash = "sha256:d584d9ec91ad65861cc08d42e834324ef890a082e591037abe114850ff7bbc3e", size = 130631, upload-time = "2024-08-06T20:33:50.674Z" }
wheels = [
    { url = "https://files.pythonhosted.org/packages/9b/95/a3fac87cb7158e231b5a6012e438c647e1a87f09f8e0d123acec8ab8bf71/PyYAML-6.0.2-cp310-cp310-macosx_10_9_x86_64.whl", hash = "sha256:0a9a2848a5b7feac301353437eb7d5957887edbf81d56e903999a75a3d743086", size = 184199, upload-time = "2024-08-06T20:31:40.178Z" },
    { url = "https://files.pythonhosted.org/packages/c7/7a/68bd47624dab8fd4afbfd3c48e3b79efe09098ae941de5b58abcbadff5cb/PyYAML-6.0.2-cp310-cp310-macosx_11_0_arm64.whl", hash = "sha256:29717114e51c84ddfba879543fb232a6ed60086602313ca38cce623c1d62cfbf", size = 171758, upload-time = "2024-08-06T20:31:42.173Z" },
    { url = "https://files.pythonhosted.org/packages/49/ee/14c54df452143b9ee9f0f29074d7ca5516a36edb0b4cc40c3f280131656f/PyYAML-6.0.2-cp310-cp310-manylinux_2_17_aarch64.manylinux2014_aarch64.whl", hash = "sha256:8824b5a04a04a047e72eea5cec3bc266db09e35de6bdfe34c9436ac5ee27d237", size = 718463, upload-time = "2024-08-06T20:31:44.263Z" },
    { url = "https://files.pythonhosted.org/packages/4d/61/de363a97476e766574650d742205be468921a7b532aa2499fcd886b62530/PyYAML-6.0.2-cp310-cp310-manylinux_2_17_s390x.manylinux2014_s390x.whl", hash = "sha256:7c36280e6fb8385e520936c3cb3b8042851904eba0e58d277dca80a5cfed590b", size = 719280, upload-time = "2024-08-06T20:31:50.199Z" },
    { url = "https://files.pythonhosted.org/packages/6b/4e/1523cb902fd98355e2e9ea5e5eb237cbc5f3ad5f3075fa65087aa0ecb669/PyYAML-6.0.2-cp310-cp310-manylinux_2_17_x86_64.manylinux2014_x86_64.whl", hash = "sha256:ec031d5d2feb36d1d1a24380e4db6d43695f3748343d99434e6f5f9156aaa2ed", size = 751239, upload-time = "2024-08-06T20:31:52.292Z" },
    { url = "https://files.pythonhosted.org/packages/b7/33/5504b3a9a4464893c32f118a9cc045190a91637b119a9c881da1cf6b7a72/PyYAML-6.0.2-cp310-cp310-musllinux_1_1_aarch64.whl", hash = "sha256:936d68689298c36b53b29f23c6dbb74de12b4ac12ca6cfe0e047bedceea56180", size = 695802, upload-time = "2024-08-06T20:31:53.836Z" },
    { url = "https://files.pythonhosted.org/packages/5c/20/8347dcabd41ef3a3cdc4f7b7a2aff3d06598c8779faa189cdbf878b626a4/PyYAML-6.0.2-cp310-cp310-musllinux_1_1_x86_64.whl", hash = "sha256:23502f431948090f597378482b4812b0caae32c22213aecf3b55325e049a6c68", size = 720527, upload-time = "2024-08-06T20:31:55.565Z" },
    { url = "https://files.pythonhosted.org/packages/be/aa/5afe99233fb360d0ff37377145a949ae258aaab831bde4792b32650a4378/PyYAML-6.0.2-cp310-cp310-win32.whl", hash = "sha256:2e99c6826ffa974fe6e27cdb5ed0021786b03fc98e5ee3c5bfe1fd5015f42b99", size = 144052, upload-time = "2024-08-06T20:31:56.914Z" },
    { url = "https://files.pythonhosted.org/packages/b5/84/0fa4b06f6d6c958d207620fc60005e241ecedceee58931bb20138e1e5776/PyYAML-6.0.2-cp310-cp310-win_amd64.whl", hash = "sha256:a4d3091415f010369ae4ed1fc6b79def9416358877534caf6a0fdd2146c87a3e", size = 161774, upload-time = "2024-08-06T20:31:58.304Z" },
]

[[package]]
name = "redis"
version = "6.4.0"
source = { registry = "https://pypi.org/simple" }
dependencies = [
    { name = "async-timeout" },
]
sdist = { url = "https://files.pythonhosted.org/packages/0d/d6/e8b92798a5bd67d659d51a18170e91c16ac3b59738d91894651ee255ed49/redis-6.4.0.tar.gz", hash = "sha256:b01bc7282b8444e28ec36b261df5375183bb47a07eb9c603f284e89cbc5ef010", size = 4647399, upload-time = "2025-08-07T08:10:11.441Z" }
wheels = [
    { url = "https://files.pythonhosted.org/packages/e8/02/89e2ed7e85db6c93dfa9e8f691c5087df4e3551ab39081a4d7c6d1f90e05/redis-6.4.0-py3-none-any.whl", hash = "sha256:f0544fa9604264e9464cdf4814e7d4830f74b165d52f2a330a760a88dd248b7f", size = 279847, upload-time = "2025-08-07T08:10:09.84Z" },
]

[[package]]
name = "requests"
version = "2.32.5"
source = { registry = "https://pypi.org/simple" }
dependencies = [
    { name = "certifi" },
    { name = "charset-normalizer" },
    { name = "idna" },
    { name = "urllib3" },
]
sdist = { url = "https://files.pythonhosted.org/packages/c9/74/b3ff8e6c8446842c3f5c837e9c3dfcfe2018ea6ecef224c710c85ef728f4/requests-2.32.5.tar.gz", hash = "sha256:dbba0bac56e100853db0ea71b82b4dfd5fe2bf6d3754a8893c3af500cec7d7cf", size = 134517, upload-time = "2025-08-18T20:46:02.573Z" }
wheels = [
    { url = "https://files.pythonhosted.org/packages/1e/db/4254e3eabe8020b458f1a747140d32277ec7a271daf1d235b70dc0b4e6e3/requests-2.32.5-py3-none-any.whl", hash = "sha256:2462f94637a34fd532264295e186976db0f5d453d1cdd31473c85a6a161affb6", size = 64738, upload-time = "2025-08-18T20:46:00.542Z" },
]

[[package]]
name = "rich"
version = "14.1.0"
source = { registry = "https://pypi.org/simple" }
dependencies = [
    { name = "markdown-it-py" },
    { name = "pygments" },
]
sdist = { url = "https://files.pythonhosted.org/packages/fe/75/af448d8e52bf1d8fa6a9d089ca6c07ff4453d86c65c145d0a300bb073b9b/rich-14.1.0.tar.gz", hash = "sha256:e497a48b844b0320d45007cdebfeaeed8db2a4f4bcf49f15e455cfc4af11eaa8", size = 224441, upload-time = "2025-07-25T07:32:58.125Z" }
wheels = [
    { url = "https://files.pythonhosted.org/packages/e3/30/3c4d035596d3cf444529e0b2953ad0466f6049528a879d27534700580395/rich-14.1.0-py3-none-any.whl", hash = "sha256:536f5f1785986d6dbdea3c75205c473f970777b4a0d6c6dd1b696aa05a3fa04f", size = 243368, upload-time = "2025-07-25T07:32:56.73Z" },
]

[[package]]
name = "sentry-sdk"
version = "2.35.0"
source = { registry = "https://pypi.org/simple" }
dependencies = [
    { name = "certifi" },
    { name = "urllib3" },
]
sdist = { url = "https://files.pythonhosted.org/packages/31/83/055dc157b719651ef13db569bb8cf2103df11174478649735c1b2bf3f6bc/sentry_sdk-2.35.0.tar.gz", hash = "sha256:5ea58d352779ce45d17bc2fa71ec7185205295b83a9dbb5707273deb64720092", size = 343014, upload-time = "2025-08-14T17:11:20.223Z" }
wheels = [
    { url = "https://files.pythonhosted.org/packages/36/3d/742617a7c644deb0c1628dcf6bb2d2165ab7c6aab56fe5222758994007f8/sentry_sdk-2.35.0-py2.py3-none-any.whl", hash = "sha256:6e0c29b9a5d34de8575ffb04d289a987ff3053cf2c98ede445bea995e3830263", size = 363806, upload-time = "2025-08-14T17:11:18.29Z" },
]

[[package]]
name = "shellingham"
version = "1.5.4"
source = { registry = "https://pypi.org/simple" }
sdist = { url = "https://files.pythonhosted.org/packages/58/15/8b3609fd3830ef7b27b655beb4b4e9c62313a4e8da8c676e142cc210d58e/shellingham-1.5.4.tar.gz", hash = "sha256:8dbca0739d487e5bd35ab3ca4b36e11c4078f3a234bfce294b0a0291363404de", size = 10310, upload-time = "2023-10-24T04:13:40.426Z" }
wheels = [
    { url = "https://files.pythonhosted.org/packages/e0/f9/0595336914c5619e5f28a1fb793285925a8cd4b432c9da0a987836c7f822/shellingham-1.5.4-py2.py3-none-any.whl", hash = "sha256:7ecfff8f2fd72616f7481040475a65b2bf8af90a56c89140852d1120324e8686", size = 9755, upload-time = "2023-10-24T04:13:38.866Z" },
]

[[package]]
name = "six"
version = "1.17.0"
source = { registry = "https://pypi.org/simple" }
sdist = { url = "https://files.pythonhosted.org/packages/94/e7/b2c673351809dca68a0e064b6af791aa332cf192da575fd474ed7d6f16a2/six-1.17.0.tar.gz", hash = "sha256:ff70335d468e7eb6ec65b95b99d3a2836546063f63acc5171de367e834932a81", size = 34031, upload-time = "2024-12-04T17:35:28.174Z" }
wheels = [
    { url = "https://files.pythonhosted.org/packages/b7/ce/149a00dd41f10bc29e5921b496af8b574d8413afcd5e30dfa0ed46c2cc5e/six-1.17.0-py2.py3-none-any.whl", hash = "sha256:4721f391ed90541fddacab5acf947aa0d3dc7d27b2e1e8eda2be8970586c3274", size = 11050, upload-time = "2024-12-04T17:35:26.475Z" },
]

[[package]]
name = "sqlalchemy"
version = "1.4.54"
source = { registry = "https://pypi.org/simple" }
dependencies = [
    { name = "greenlet", marker = "platform_machine == 'AMD64' or platform_machine == 'WIN32' or platform_machine == 'aarch64' or platform_machine == 'amd64' or platform_machine == 'ppc64le' or platform_machine == 'win32' or platform_machine == 'x86_64'" },
]
sdist = { url = "https://files.pythonhosted.org/packages/ce/af/20290b55d469e873cba9d41c0206ab5461ff49d759989b3fe65010f9d265/sqlalchemy-1.4.54.tar.gz", hash = "sha256:4470fbed088c35dc20b78a39aaf4ae54fe81790c783b3264872a0224f437c31a", size = 8470350, upload-time = "2024-09-05T15:54:10.398Z" }
wheels = [
    { url = "https://files.pythonhosted.org/packages/ef/7f/f7c1e0b65790649bd573f201aa958263a389f336d6e000a569275ff9bd97/SQLAlchemy-1.4.54-cp310-cp310-macosx_12_0_x86_64.whl", hash = "sha256:af00236fe21c4d4f4c227b6ccc19b44c594160cc3ff28d104cdce85855369277", size = 1573472, upload-time = "2024-09-05T17:38:45.351Z" },
    { url = "https://files.pythonhosted.org/packages/e1/da/ff7f0fe50844496db523613979651f076f44da8625b8ad89c503dcff0a52/SQLAlchemy-1.4.54-cp310-cp310-manylinux1_x86_64.manylinux2010_x86_64.manylinux_2_12_x86_64.manylinux_2_5_x86_64.manylinux_2_17_x86_64.manylinux2014_x86_64.whl", hash = "sha256:1183599e25fa38a1a322294b949da02b4f0da13dbc2688ef9dbe746df573f8a6", size = 1639088, upload-time = "2024-09-05T17:46:37.726Z" },
    { url = "https://files.pythonhosted.org/packages/04/45/3a35bb156aa2fd87b66a4992bb8d65593efd7e16ca2e0597e68c32c29037/SQLAlchemy-1.4.54-cp310-cp310-manylinux_2_17_aarch64.manylinux2014_aarch64.whl", hash = "sha256:1990d5a6a5dc358a0894c8ca02043fb9a5ad9538422001fb2826e91c50f1d539", size = 1627447, upload-time = "2024-09-05T17:45:32.379Z" },
    { url = "https://files.pythonhosted.org/packages/fe/5b/ed36a50e7147d0d090cd8e35de3b18d2c69a3e85df3be5fe42a570d6c331/SQLAlchemy-1.4.54-cp310-cp310-manylinux_2_5_x86_64.manylinux1_x86_64.manylinux_2_12_x86_64.manylinux2010_x86_64.whl", hash = "sha256:14b3f4783275339170984cadda66e3ec011cce87b405968dc8d51cf0f9997b0d", size = 1639081, upload-time = "2024-09-05T17:46:39.895Z" },
    { url = "https://files.pythonhosted.org/packages/4b/75/bfbdeb5dece7bc98acb414751a62ee43398b34b10133b1853f4282597757/SQLAlchemy-1.4.54-cp310-cp310-manylinux_2_5_x86_64.manylinux1_x86_64.manylinux_2_17_x86_64.manylinux2014_x86_64.whl", hash = "sha256:6b24364150738ce488333b3fb48bfa14c189a66de41cd632796fbcacb26b4585", size = 1638975, upload-time = "2024-09-05T17:46:41.569Z" },
    { url = "https://files.pythonhosted.org/packages/f7/62/358a9291d2fc3d51ad50557e126ad5f48200f199878437f7cb38817d607b/SQLAlchemy-1.4.54-cp310-cp310-win32.whl", hash = "sha256:a8a72259a1652f192c68377be7011eac3c463e9892ef2948828c7d58e4829988", size = 1591719, upload-time = "2024-09-05T17:52:26.646Z" },
    { url = "https://files.pythonhosted.org/packages/10/ad/87cd5578efdcef43a08ce4a21448192abf46bf69a5678ac0039e44364914/SQLAlchemy-1.4.54-cp310-cp310-win_amd64.whl", hash = "sha256:b67589f7955924865344e6eacfdcf70675e64f36800a576aa5e961f0008cde2a", size = 1593512, upload-time = "2024-09-05T17:51:21.402Z" },
]

[[package]]
name = "typer"
version = "0.16.1"
source = { registry = "https://pypi.org/simple" }
dependencies = [
    { name = "click" },
    { name = "rich" },
    { name = "shellingham" },
    { name = "typing-extensions" },
]
sdist = { url = "https://files.pythonhosted.org/packages/43/78/d90f616bf5f88f8710ad067c1f8705bf7618059836ca084e5bb2a0855d75/typer-0.16.1.tar.gz", hash = "sha256:d358c65a464a7a90f338e3bb7ff0c74ac081449e53884b12ba658cbd72990614", size = 102836, upload-time = "2025-08-18T19:18:22.898Z" }
wheels = [
    { url = "https://files.pythonhosted.org/packages/2d/76/06dbe78f39b2203d2a47d5facc5df5102d0561e2807396471b5f7c5a30a1/typer-0.16.1-py3-none-any.whl", hash = "sha256:90ee01cb02d9b8395ae21ee3368421faf21fa138cb2a541ed369c08cec5237c9", size = 46397, upload-time = "2025-08-18T19:18:21.663Z" },
]

[[package]]
name = "typing-extensions"
version = "4.14.1"
source = { registry = "https://pypi.org/simple" }
sdist = { url = "https://files.pythonhosted.org/packages/98/5a/da40306b885cc8c09109dc2e1abd358d5684b1425678151cdaed4731c822/typing_extensions-4.14.1.tar.gz", hash = "sha256:38b39f4aeeab64884ce9f74c94263ef78f3c22467c8724005483154c26648d36", size = 107673, upload-time = "2025-07-04T13:28:34.16Z" }
wheels = [
    { url = "https://files.pythonhosted.org/packages/b5/00/d631e67a838026495268c2f6884f3711a15a9a2a96cd244fdaea53b823fb/typing_extensions-4.14.1-py3-none-any.whl", hash = "sha256:d1e1e3b58374dc93031d6eda2420a48ea44a36c2b4766a4fdeb3710755731d76", size = 43906, upload-time = "2025-07-04T13:28:32.743Z" },
]

[[package]]
name = "urllib3"
version = "2.5.0"
source = { registry = "https://pypi.org/simple" }
sdist = { url = "https://files.pythonhosted.org/packages/15/22/9ee70a2574a4f4599c47dd506532914ce044817c7752a79b6a51286319bc/urllib3-2.5.0.tar.gz", hash = "sha256:3fc47733c7e419d4bc3f6b3dc2b4f890bb743906a30d56ba4a5bfa4bbff92760", size = 393185, upload-time = "2025-06-18T14:07:41.644Z" }
wheels = [
    { url = "https://files.pythonhosted.org/packages/a7/c2/fe1e52489ae3122415c51f387e221dd0773709bad6c6cdaa599e8a2c5185/urllib3-2.5.0-py3-none-any.whl", hash = "sha256:e6b01673c0fa6a13e374b50871808eb3bf7046c4b125b216f6bf1cc604cff0dc", size = 129795, upload-time = "2025-06-18T14:07:40.39Z" },
]
