version = 1
revision = 2
requires-python = "==3.10.*"

[[package]]
name = "anyio"
version = "4.11.0"
source = { registry = "https://pypi.org/simple" }
dependencies = [
    { name = "exceptiongroup" },
    { name = "idna" },
    { name = "sniffio" },
    { name = "typing-extensions" },
]
sdist = { url = "https://files.pythonhosted.org/packages/c6/78/7d432127c41b50bccba979505f272c16cbcadcc33645d5fa3a738110ae75/anyio-4.11.0.tar.gz", hash = "sha256:82a8d0b81e318cc5ce71a5f1f8b5c4e63619620b63141ef8c995fa0db95a57c4", size = 219094, upload-time = "2025-09-23T09:19:12.58Z" }
wheels = [
    { url = "https://files.pythonhosted.org/packages/15/b3/9b1a8074496371342ec1e796a96f99c82c945a339cd81a8e73de28b4cf9e/anyio-4.11.0-py3-none-any.whl", hash = "sha256:0287e96f4d26d4149305414d4e3bc32f0dcd0862365a4bddea19d7a1ec38c4fc", size = 109097, upload-time = "2025-09-23T09:19:10.601Z" },
]

[[package]]
name = "certifi"
version = "2025.8.3"
source = { registry = "https://pypi.org/simple" }
sdist = { url = "https://files.pythonhosted.org/packages/dc/67/960ebe6bf230a96cda2e0abcf73af550ec4f090005363542f0765df162e0/certifi-2025.8.3.tar.gz", hash = "sha256:e564105f78ded564e3ae7c923924435e1daa7463faeab5bb932bc53ffae63407", size = 162386, upload-time = "2025-08-03T03:07:47.08Z" }
wheels = [
    { url = "https://files.pythonhosted.org/packages/e5/48/1549795ba7742c948d2ad169c1c8cdbae65bc450d6cd753d124b17c8cd32/certifi-2025.8.3-py3-none-any.whl", hash = "sha256:f6c12493cfb1b06ba2ff328595af9350c65d6644968e5d3a2ffd78699af217a5", size = 161216, upload-time = "2025-08-03T03:07:45.777Z" },
]

[[package]]
name = "charset-normalizer"
version = "3.4.3"
source = { registry = "https://pypi.org/simple" }
sdist = { url = "https://files.pythonhosted.org/packages/83/2d/5fd176ceb9b2fc619e63405525573493ca23441330fcdaee6bef9460e924/charset_normalizer-3.4.3.tar.gz", hash = "sha256:6fce4b8500244f6fcb71465d4a4930d132ba9ab8e71a7859e6a5d59851068d14", size = 122371, upload-time = "2025-08-09T07:57:28.46Z" }
wheels = [
    { url = "https://files.pythonhosted.org/packages/d6/98/f3b8013223728a99b908c9344da3aa04ee6e3fa235f19409033eda92fb78/charset_normalizer-3.4.3-cp310-cp310-macosx_10_9_universal2.whl", hash = "sha256:fb7f67a1bfa6e40b438170ebdc8158b78dc465a5a67b6dde178a46987b244a72", size = 207695, upload-time = "2025-08-09T07:55:36.452Z" },
    { url = "https://files.pythonhosted.org/packages/21/40/5188be1e3118c82dcb7c2a5ba101b783822cfb413a0268ed3be0468532de/charset_normalizer-3.4.3-cp310-cp310-manylinux2014_aarch64.manylinux_2_17_aarch64.manylinux_2_28_aarch64.whl", hash = "sha256:cc9370a2da1ac13f0153780040f465839e6cccb4a1e44810124b4e22483c93fe", size = 147153, upload-time = "2025-08-09T07:55:38.467Z" },
    { url = "https://files.pythonhosted.org/packages/37/60/5d0d74bc1e1380f0b72c327948d9c2aca14b46a9efd87604e724260f384c/charset_normalizer-3.4.3-cp310-cp310-manylinux2014_ppc64le.manylinux_2_17_ppc64le.manylinux_2_28_ppc64le.whl", hash = "sha256:07a0eae9e2787b586e129fdcbe1af6997f8d0e5abaa0bc98c0e20e124d67e601", size = 160428, upload-time = "2025-08-09T07:55:40.072Z" },
    { url = "https://files.pythonhosted.org/packages/85/9a/d891f63722d9158688de58d050c59dc3da560ea7f04f4c53e769de5140f5/charset_normalizer-3.4.3-cp310-cp310-manylinux2014_s390x.manylinux_2_17_s390x.manylinux_2_28_s390x.whl", hash = "sha256:74d77e25adda8581ffc1c720f1c81ca082921329452eba58b16233ab1842141c", size = 157627, upload-time = "2025-08-09T07:55:41.706Z" },
    { url = "https://files.pythonhosted.org/packages/65/1a/7425c952944a6521a9cfa7e675343f83fd82085b8af2b1373a2409c683dc/charset_normalizer-3.4.3-cp310-cp310-manylinux2014_x86_64.manylinux_2_17_x86_64.manylinux_2_28_x86_64.whl", hash = "sha256:d0e909868420b7049dafd3a31d45125b31143eec59235311fc4c57ea26a4acd2", size = 152388, upload-time = "2025-08-09T07:55:43.262Z" },
    { url = "https://files.pythonhosted.org/packages/f0/c9/a2c9c2a355a8594ce2446085e2ec97fd44d323c684ff32042e2a6b718e1d/charset_normalizer-3.4.3-cp310-cp310-musllinux_1_2_aarch64.whl", hash = "sha256:c6f162aabe9a91a309510d74eeb6507fab5fff92337a15acbe77753d88d9dcf0", size = 150077, upload-time = "2025-08-09T07:55:44.903Z" },
    { url = "https://files.pythonhosted.org/packages/3b/38/20a1f44e4851aa1c9105d6e7110c9d020e093dfa5836d712a5f074a12bf7/charset_normalizer-3.4.3-cp310-cp310-musllinux_1_2_ppc64le.whl", hash = "sha256:4ca4c094de7771a98d7fbd67d9e5dbf1eb73efa4f744a730437d8a3a5cf994f0", size = 161631, upload-time = "2025-08-09T07:55:46.346Z" },
    { url = "https://files.pythonhosted.org/packages/a4/fa/384d2c0f57edad03d7bec3ebefb462090d8905b4ff5a2d2525f3bb711fac/charset_normalizer-3.4.3-cp310-cp310-musllinux_1_2_s390x.whl", hash = "sha256:02425242e96bcf29a49711b0ca9f37e451da7c70562bc10e8ed992a5a7a25cc0", size = 159210, upload-time = "2025-08-09T07:55:47.539Z" },
    { url = "https://files.pythonhosted.org/packages/33/9e/eca49d35867ca2db336b6ca27617deed4653b97ebf45dfc21311ce473c37/charset_normalizer-3.4.3-cp310-cp310-musllinux_1_2_x86_64.whl", hash = "sha256:78deba4d8f9590fe4dae384aeff04082510a709957e968753ff3c48399f6f92a", size = 153739, upload-time = "2025-08-09T07:55:48.744Z" },
    { url = "https://files.pythonhosted.org/packages/2a/91/26c3036e62dfe8de8061182d33be5025e2424002125c9500faff74a6735e/charset_normalizer-3.4.3-cp310-cp310-win32.whl", hash = "sha256:d79c198e27580c8e958906f803e63cddb77653731be08851c7df0b1a14a8fc0f", size = 99825, upload-time = "2025-08-09T07:55:50.305Z" },
    { url = "https://files.pythonhosted.org/packages/e2/c6/f05db471f81af1fa01839d44ae2a8bfeec8d2a8b4590f16c4e7393afd323/charset_normalizer-3.4.3-cp310-cp310-win_amd64.whl", hash = "sha256:c6e490913a46fa054e03699c70019ab869e990270597018cef1d8562132c2669", size = 107452, upload-time = "2025-08-09T07:55:51.461Z" },
    { url = "https://files.pythonhosted.org/packages/8a/1f/f041989e93b001bc4e44bb1669ccdcf54d3f00e628229a85b08d330615c5/charset_normalizer-3.4.3-py3-none-any.whl", hash = "sha256:ce571ab16d890d23b5c278547ba694193a45011ff86a9162a71307ed9f86759a", size = 53175, upload-time = "2025-08-09T07:57:26.864Z" },
]

[[package]]
name = "db-loader"
version = "0.1.0"
source = { virtual = "../db-loader" }
dependencies = [
    { name = "numpy" },
    { name = "pandas" },
    { name = "psycopg2-binary" },
    { name = "python-dotenv" },
    { name = "sentry-sdk" },
    { name = "sqlalchemy" },
]

[package.metadata]
requires-dist = [
    { name = "numpy", specifier = "<2.0.0" },
    { name = "pandas", specifier = "<2.0.0" },
    { name = "psycopg2-binary", specifier = ">=2.9.10" },
    { name = "python-dotenv", specifier = ">=1.1.1" },
    { name = "sentry-sdk", specifier = ">=2.38.0" },
    { name = "sqlalchemy", specifier = "<2.0.0" },
]

[[package]]
name = "diskcache"
version = "5.6.3"
source = { registry = "https://pypi.org/simple" }
sdist = { url = "https://files.pythonhosted.org/packages/3f/21/1c1ffc1a039ddcc459db43cc108658f32c57d271d7289a2794e401d0fdb6/diskcache-5.6.3.tar.gz", hash = "sha256:2c3a3fa2743d8535d832ec61c2054a1641f41775aa7c556758a109941e33e4fc", size = 67916, upload-time = "2023-08-31T06:12:00.316Z" }
wheels = [
    { url = "https://files.pythonhosted.org/packages/3f/27/4570e78fc0bf5ea0ca45eb1de3818a23787af9b390c0b0a0033a1b8236f9/diskcache-5.6.3-py3-none-any.whl", hash = "sha256:5e31b2d5fbad117cc363ebaf6b689474db18a1f6438bc82358b024abd4c2ca19", size = 45550, upload-time = "2023-08-31T06:11:58.822Z" },
]

[[package]]
name = "erddapy"
version = "2.2.4"
source = { registry = "https://pypi.org/simple" }
dependencies = [
    { name = "httpx" },
    { name = "pandas" },
    { name = "pytz" },
]
sdist = { url = "https://files.pythonhosted.org/packages/fa/0f/b031a4ea74156f118355455a4c40dde56788accb089e78cc633f0aeba726/erddapy-2.2.4.tar.gz", hash = "sha256:dbb9bcb7335a52d73e3a23e7cdd976e8ef84452f1d1ee3e9f99c974ff7dcd57b", size = 21936, upload-time = "2025-04-14T17:41:46.809Z" }
wheels = [
    { url = "https://files.pythonhosted.org/packages/94/ee/05fa45a5b8839702c7cd4199cb1bbcd3d31906eeafcf4b43a91ed8c362db/erddapy-2.2.4-py3-none-any.whl", hash = "sha256:277b512f1c907aaae5baf5d75105987fa02432b7e393f7ee5c9bb5e8cc35c229", size = 24843, upload-time = "2025-04-14T17:41:45.869Z" },
]

[[package]]
name = "exceptiongroup"
version = "1.3.0"
source = { registry = "https://pypi.org/simple" }
dependencies = [
    { name = "typing-extensions" },
]
sdist = { url = "https://files.pythonhosted.org/packages/0b/9f/a65090624ecf468cdca03533906e7c69ed7588582240cfe7cc9e770b50eb/exceptiongroup-1.3.0.tar.gz", hash = "sha256:b241f5885f560bc56a59ee63ca4c6a8bfa46ae4ad651af316d4e81817bb9fd88", size = 29749, upload-time = "2025-05-10T17:42:51.123Z" }
wheels = [
    { url = "https://files.pythonhosted.org/packages/36/f4/c6e662dade71f56cd2f3735141b265c3c79293c109549c1e6933b0651ffc/exceptiongroup-1.3.0-py3-none-any.whl", hash = "sha256:4d111e6e0c13d0644cad6ddaa7ed0261a0b36971f6d23e7ec9b4b9097da78a10", size = 16674, upload-time = "2025-05-10T17:42:49.33Z" },
]

[[package]]
name = "greenlet"
version = "3.2.4"
source = { registry = "https://pypi.org/simple" }
sdist = { url = "https://files.pythonhosted.org/packages/03/b8/704d753a5a45507a7aab61f18db9509302ed3d0a27ac7e0359ec2905b1a6/greenlet-3.2.4.tar.gz", hash = "sha256:0dca0d95ff849f9a364385f36ab49f50065d76964944638be9691e1832e9f86d", size = 188260, upload-time = "2025-08-07T13:24:33.51Z" }
wheels = [
    { url = "https://files.pythonhosted.org/packages/7d/ed/6bfa4109fcb23a58819600392564fea69cdc6551ffd5e69ccf1d52a40cbc/greenlet-3.2.4-cp310-cp310-macosx_11_0_universal2.whl", hash = "sha256:8c68325b0d0acf8d91dde4e6f930967dd52a5302cd4062932a6b2e7c2969f47c", size = 271061, upload-time = "2025-08-07T13:17:15.373Z" },
    { url = "https://files.pythonhosted.org/packages/2a/fc/102ec1a2fc015b3a7652abab7acf3541d58c04d3d17a8d3d6a44adae1eb1/greenlet-3.2.4-cp310-cp310-manylinux2014_aarch64.manylinux_2_17_aarch64.whl", hash = "sha256:94385f101946790ae13da500603491f04a76b6e4c059dab271b3ce2e283b2590", size = 629475, upload-time = "2025-08-07T13:42:54.009Z" },
    { url = "https://files.pythonhosted.org/packages/c5/26/80383131d55a4ac0fb08d71660fd77e7660b9db6bdb4e8884f46d9f2cc04/greenlet-3.2.4-cp310-cp310-manylinux2014_ppc64le.manylinux_2_17_ppc64le.whl", hash = "sha256:f10fd42b5ee276335863712fa3da6608e93f70629c631bf77145021600abc23c", size = 640802, upload-time = "2025-08-07T13:45:25.52Z" },
    { url = "https://files.pythonhosted.org/packages/9f/7c/e7833dbcd8f376f3326bd728c845d31dcde4c84268d3921afcae77d90d08/greenlet-3.2.4-cp310-cp310-manylinux2014_s390x.manylinux_2_17_s390x.whl", hash = "sha256:c8c9e331e58180d0d83c5b7999255721b725913ff6bc6cf39fa2a45841a4fd4b", size = 636703, upload-time = "2025-08-07T13:53:12.622Z" },
    { url = "https://files.pythonhosted.org/packages/e9/49/547b93b7c0428ede7b3f309bc965986874759f7d89e4e04aeddbc9699acb/greenlet-3.2.4-cp310-cp310-manylinux2014_x86_64.manylinux_2_17_x86_64.whl", hash = "sha256:58b97143c9cc7b86fc458f215bd0932f1757ce649e05b640fea2e79b54cedb31", size = 635417, upload-time = "2025-08-07T13:18:25.189Z" },
    { url = "https://files.pythonhosted.org/packages/7f/91/ae2eb6b7979e2f9b035a9f612cf70f1bf54aad4e1d125129bef1eae96f19/greenlet-3.2.4-cp310-cp310-manylinux_2_24_x86_64.manylinux_2_28_x86_64.whl", hash = "sha256:c2ca18a03a8cfb5b25bc1cbe20f3d9a4c80d8c3b13ba3df49ac3961af0b1018d", size = 584358, upload-time = "2025-08-07T13:18:23.708Z" },
    { url = "https://files.pythonhosted.org/packages/f7/85/433de0c9c0252b22b16d413c9407e6cb3b41df7389afc366ca204dbc1393/greenlet-3.2.4-cp310-cp310-musllinux_1_1_aarch64.whl", hash = "sha256:9fe0a28a7b952a21e2c062cd5756d34354117796c6d9215a87f55e38d15402c5", size = 1113550, upload-time = "2025-08-07T13:42:37.467Z" },
    { url = "https://files.pythonhosted.org/packages/a1/8d/88f3ebd2bc96bf7747093696f4335a0a8a4c5acfcf1b757717c0d2474ba3/greenlet-3.2.4-cp310-cp310-musllinux_1_1_x86_64.whl", hash = "sha256:8854167e06950ca75b898b104b63cc646573aa5fef1353d4508ecdd1ee76254f", size = 1137126, upload-time = "2025-08-07T13:18:20.239Z" },
    { url = "https://files.pythonhosted.org/packages/d6/6f/b60b0291d9623c496638c582297ead61f43c4b72eef5e9c926ef4565ec13/greenlet-3.2.4-cp310-cp310-win_amd64.whl", hash = "sha256:73f49b5368b5359d04e18d15828eecc1806033db5233397748f4ca813ff1056c", size = 298654, upload-time = "2025-08-07T13:50:00.469Z" },
]

[[package]]
name = "h11"
version = "0.16.0"
source = { registry = "https://pypi.org/simple" }
sdist = { url = "https://files.pythonhosted.org/packages/01/ee/02a2c011bdab74c6fb3c75474d40b3052059d95df7e73351460c8588d963/h11-0.16.0.tar.gz", hash = "sha256:4e35b956cf45792e4caa5885e69fba00bdbc6ffafbfa020300e549b208ee5ff1", size = 101250, upload-time = "2025-04-24T03:35:25.427Z" }
wheels = [
    { url = "https://files.pythonhosted.org/packages/04/4b/29cac41a4d98d144bf5f6d33995617b185d14b22401f75ca86f384e87ff1/h11-0.16.0-py3-none-any.whl", hash = "sha256:63cf8bbe7522de3bf65932fda1d9c2772064ffb3dae62d55932da54b31cb6c86", size = 37515, upload-time = "2025-04-24T03:35:24.344Z" },
]

[[package]]
name = "harvester"
version = "0.2.0"
source = { virtual = "." }
dependencies = [
    { name = "db-loader" },
    { name = "diskcache" },
    { name = "erddapy" },
    { name = "lxml" },
    { name = "numpy" },
    { name = "pandas" },
    { name = "psycopg2-binary" },
    { name = "python-dotenv" },
    { name = "pyyaml" },
    { name = "requests" },
    { name = "sentry-sdk" },
    { name = "shapely" },
    { name = "sqlalchemy" },
]

[package.metadata]
requires-dist = [
    { name = "db-loader", virtual = "../db-loader" },
    { name = "diskcache", specifier = ">=5.6.3" },
    { name = "erddapy", specifier = ">=2.2.0" },
    { name = "lxml", specifier = ">=5.1.0" },
    { name = "numpy", specifier = "<2.0.0" },
    { name = "pandas", specifier = "<2.0.0" },
    { name = "psycopg2-binary", specifier = ">=2.9.9" },
    { name = "python-dotenv", specifier = ">=1.0.1" },
    { name = "pyyaml", specifier = ">=6.0.1" },
    { name = "requests", specifier = ">=2.31.0" },
    { name = "sentry-sdk", specifier = ">=1.43.0" },
    { name = "shapely", specifier = ">=2.0.3" },
    { name = "sqlalchemy", specifier = "<2.0.0" },
]

[[package]]
name = "httpcore"
version = "1.0.9"
source = { registry = "https://pypi.org/simple" }
dependencies = [
    { name = "certifi" },
    { name = "h11" },
]
sdist = { url = "https://files.pythonhosted.org/packages/06/94/82699a10bca87a5556c9c59b5963f2d039dbd239f25bc2a63907a05a14cb/httpcore-1.0.9.tar.gz", hash = "sha256:6e34463af53fd2ab5d807f399a9b45ea31c3dfa2276f15a2c3f00afff6e176e8", size = 85484, upload-time = "2025-04-24T22:06:22.219Z" }
wheels = [
    { url = "https://files.pythonhosted.org/packages/7e/f5/f66802a942d491edb555dd61e3a9961140fd64c90bce1eafd741609d334d/httpcore-1.0.9-py3-none-any.whl", hash = "sha256:2d400746a40668fc9dec9810239072b40b4484b640a8c38fd654a024c7a1bf55", size = 78784, upload-time = "2025-04-24T22:06:20.566Z" },
]

[[package]]
name = "httpx"
version = "0.28.1"
source = { registry = "https://pypi.org/simple" }
dependencies = [
    { name = "anyio" },
    { name = "certifi" },
    { name = "httpcore" },
    { name = "idna" },
]
sdist = { url = "https://files.pythonhosted.org/packages/b1/df/48c586a5fe32a0f01324ee087459e112ebb7224f646c0b5023f5e79e9956/httpx-0.28.1.tar.gz", hash = "sha256:75e98c5f16b0f35b567856f597f06ff2270a374470a5c2392242528e3e3e42fc", size = 141406, upload-time = "2024-12-06T15:37:23.222Z" }
wheels = [
    { url = "https://files.pythonhosted.org/packages/2a/39/e50c7c3a983047577ee07d2a9e53faf5a69493943ec3f6a384bdc792deb2/httpx-0.28.1-py3-none-any.whl", hash = "sha256:d909fcccc110f8c7faf814ca82a9a4d816bc5a6dbfea25d6591d6985b8ba59ad", size = 73517, upload-time = "2024-12-06T15:37:21.509Z" },
]

[[package]]
name = "idna"
version = "3.10"
source = { registry = "https://pypi.org/simple" }
sdist = { url = "https://files.pythonhosted.org/packages/f1/70/7703c29685631f5a7590aa73f1f1d3fa9a380e654b86af429e0934a32f7d/idna-3.10.tar.gz", hash = "sha256:12f65c9b470abda6dc35cf8e63cc574b1c52b11df2c86030af0ac09b01b13ea9", size = 190490, upload-time = "2024-09-15T18:07:39.745Z" }
wheels = [
    { url = "https://files.pythonhosted.org/packages/76/c6/c88e154df9c4e1a2a66ccf0005a88dfb2650c1dffb6f5ce603dfbd452ce3/idna-3.10-py3-none-any.whl", hash = "sha256:946d195a0d259cbba61165e88e65941f16e9b36ea6ddb97f00452bae8b1287d3", size = 70442, upload-time = "2024-09-15T18:07:37.964Z" },
]

[[package]]
name = "lxml"
version = "6.0.2"
source = { registry = "https://pypi.org/simple" }
sdist = { url = "https://files.pythonhosted.org/packages/aa/88/262177de60548e5a2bfc46ad28232c9e9cbde697bd94132aeb80364675cb/lxml-6.0.2.tar.gz", hash = "sha256:cd79f3367bd74b317dda655dc8fcfa304d9eb6e4fb06b7168c5cf27f96e0cd62", size = 4073426, upload-time = "2025-09-22T04:04:59.287Z" }
wheels = [
    { url = "https://files.pythonhosted.org/packages/db/8a/f8192a08237ef2fb1b19733f709db88a4c43bc8ab8357f01cb41a27e7f6a/lxml-6.0.2-cp310-cp310-macosx_10_9_universal2.whl", hash = "sha256:e77dd455b9a16bbd2a5036a63ddbd479c19572af81b624e79ef422f929eef388", size = 8590589, upload-time = "2025-09-22T04:00:10.51Z" },
    { url = "https://files.pythonhosted.org/packages/12/64/27bcd07ae17ff5e5536e8d88f4c7d581b48963817a13de11f3ac3329bfa2/lxml-6.0.2-cp310-cp310-macosx_10_9_x86_64.whl", hash = "sha256:5d444858b9f07cefff6455b983aea9a67f7462ba1f6cbe4a21e8bf6791bf2153", size = 4629671, upload-time = "2025-09-22T04:00:15.411Z" },
    { url = "https://files.pythonhosted.org/packages/02/5a/a7d53b3291c324e0b6e48f3c797be63836cc52156ddf8f33cd72aac78866/lxml-6.0.2-cp310-cp310-manylinux2014_aarch64.manylinux_2_17_aarch64.whl", hash = "sha256:f952dacaa552f3bb8834908dddd500ba7d508e6ea6eb8c52eb2d28f48ca06a31", size = 4999961, upload-time = "2025-09-22T04:00:17.619Z" },
    { url = "https://files.pythonhosted.org/packages/f5/55/d465e9b89df1761674d8672bb3e4ae2c47033b01ec243964b6e334c6743f/lxml-6.0.2-cp310-cp310-manylinux2014_x86_64.manylinux_2_17_x86_64.whl", hash = "sha256:71695772df6acea9f3c0e59e44ba8ac50c4f125217e84aab21074a1a55e7e5c9", size = 5157087, upload-time = "2025-09-22T04:00:19.868Z" },
    { url = "https://files.pythonhosted.org/packages/62/38/3073cd7e3e8dfc3ba3c3a139e33bee3a82de2bfb0925714351ad3d255c13/lxml-6.0.2-cp310-cp310-manylinux_2_26_aarch64.manylinux_2_28_aarch64.whl", hash = "sha256:17f68764f35fd78d7c4cc4ef209a184c38b65440378013d24b8aecd327c3e0c8", size = 5067620, upload-time = "2025-09-22T04:00:21.877Z" },
    { url = "https://files.pythonhosted.org/packages/4a/d3/1e001588c5e2205637b08985597827d3827dbaaece16348c8822bfe61c29/lxml-6.0.2-cp310-cp310-manylinux_2_26_i686.manylinux_2_28_i686.whl", hash = "sha256:058027e261afed589eddcfe530fcc6f3402d7fd7e89bfd0532df82ebc1563dba", size = 5406664, upload-time = "2025-09-22T04:00:23.714Z" },
    { url = "https://files.pythonhosted.org/packages/20/cf/cab09478699b003857ed6ebfe95e9fb9fa3d3c25f1353b905c9b73cfb624/lxml-6.0.2-cp310-cp310-manylinux_2_26_x86_64.manylinux_2_28_x86_64.whl", hash = "sha256:a8ffaeec5dfea5881d4c9d8913a32d10cfe3923495386106e4a24d45300ef79c", size = 5289397, upload-time = "2025-09-22T04:00:25.544Z" },
    { url = "https://files.pythonhosted.org/packages/a3/84/02a2d0c38ac9a8b9f9e5e1bbd3f24b3f426044ad618b552e9549ee91bd63/lxml-6.0.2-cp310-cp310-manylinux_2_31_armv7l.whl", hash = "sha256:f2e3b1a6bb38de0bc713edd4d612969dd250ca8b724be8d460001a387507021c", size = 4772178, upload-time = "2025-09-22T04:00:27.602Z" },
    { url = "https://files.pythonhosted.org/packages/56/87/e1ceadcc031ec4aa605fe95476892d0b0ba3b7f8c7dcdf88fdeff59a9c86/lxml-6.0.2-cp310-cp310-manylinux_2_38_riscv64.manylinux_2_39_riscv64.whl", hash = "sha256:d6690ec5ec1cce0385cb20896b16be35247ac8c2046e493d03232f1c2414d321", size = 5358148, upload-time = "2025-09-22T04:00:29.323Z" },
    { url = "https://files.pythonhosted.org/packages/fe/13/5bb6cf42bb228353fd4ac5f162c6a84fd68a4d6f67c1031c8cf97e131fc6/lxml-6.0.2-cp310-cp310-musllinux_1_2_aarch64.whl", hash = "sha256:f2a50c3c1d11cad0ebebbac357a97b26aa79d2bcaf46f256551152aa85d3a4d1", size = 5112035, upload-time = "2025-09-22T04:00:31.061Z" },
    { url = "https://files.pythonhosted.org/packages/e4/e2/ea0498552102e59834e297c5c6dff8d8ded3db72ed5e8aad77871476f073/lxml-6.0.2-cp310-cp310-musllinux_1_2_armv7l.whl", hash = "sha256:3efe1b21c7801ffa29a1112fab3b0f643628c30472d507f39544fd48e9549e34", size = 4799111, upload-time = "2025-09-22T04:00:33.11Z" },
    { url = "https://files.pythonhosted.org/packages/6a/9e/8de42b52a73abb8af86c66c969b3b4c2a96567b6ac74637c037d2e3baa60/lxml-6.0.2-cp310-cp310-musllinux_1_2_riscv64.whl", hash = "sha256:59c45e125140b2c4b33920d21d83681940ca29f0b83f8629ea1a2196dc8cfe6a", size = 5351662, upload-time = "2025-09-22T04:00:35.237Z" },
    { url = "https://files.pythonhosted.org/packages/28/a2/de776a573dfb15114509a37351937c367530865edb10a90189d0b4b9b70a/lxml-6.0.2-cp310-cp310-musllinux_1_2_x86_64.whl", hash = "sha256:452b899faa64f1805943ec1c0c9ebeaece01a1af83e130b69cdefeda180bb42c", size = 5314973, upload-time = "2025-09-22T04:00:37.086Z" },
    { url = "https://files.pythonhosted.org/packages/50/a0/3ae1b1f8964c271b5eec91db2043cf8c6c0bce101ebb2a633b51b044db6c/lxml-6.0.2-cp310-cp310-win32.whl", hash = "sha256:1e786a464c191ca43b133906c6903a7e4d56bef376b75d97ccbb8ec5cf1f0a4b", size = 3611953, upload-time = "2025-09-22T04:00:39.224Z" },
    { url = "https://files.pythonhosted.org/packages/d1/70/bd42491f0634aad41bdfc1e46f5cff98825fb6185688dc82baa35d509f1a/lxml-6.0.2-cp310-cp310-win_amd64.whl", hash = "sha256:dacf3c64ef3f7440e3167aa4b49aa9e0fb99e0aa4f9ff03795640bf94531bcb0", size = 4032695, upload-time = "2025-09-22T04:00:41.402Z" },
    { url = "https://files.pythonhosted.org/packages/d2/d0/05c6a72299f54c2c561a6c6cbb2f512e047fca20ea97a05e57931f194ac4/lxml-6.0.2-cp310-cp310-win_arm64.whl", hash = "sha256:45f93e6f75123f88d7f0cfd90f2d05f441b808562bf0bc01070a00f53f5028b5", size = 3680051, upload-time = "2025-09-22T04:00:43.525Z" },
    { url = "https://files.pythonhosted.org/packages/e7/9c/780c9a8fce3f04690b374f72f41306866b0400b9d0fdf3e17aaa37887eed/lxml-6.0.2-pp310-pypy310_pp73-macosx_10_15_x86_64.whl", hash = "sha256:e748d4cf8fef2526bb2a589a417eba0c8674e29ffcb570ce2ceca44f1e567bf6", size = 3939264, upload-time = "2025-09-22T04:04:32.892Z" },
    { url = "https://files.pythonhosted.org/packages/f5/5a/1ab260c00adf645d8bf7dec7f920f744b032f69130c681302821d5debea6/lxml-6.0.2-pp310-pypy310_pp73-manylinux2014_aarch64.manylinux_2_17_aarch64.whl", hash = "sha256:4ddb1049fa0579d0cbd00503ad8c58b9ab34d1254c77bc6a5576d96ec7853dba", size = 4216435, upload-time = "2025-09-22T04:04:34.907Z" },
    { url = "https://files.pythonhosted.org/packages/f2/37/565f3b3d7ffede22874b6d86be1a1763d00f4ea9fc5b9b6ccb11e4ec8612/lxml-6.0.2-pp310-pypy310_pp73-manylinux2014_x86_64.manylinux_2_17_x86_64.whl", hash = "sha256:cb233f9c95f83707dae461b12b720c1af9c28c2d19208e1be03387222151daf5", size = 4325913, upload-time = "2025-09-22T04:04:37.205Z" },
    { url = "https://files.pythonhosted.org/packages/22/ec/f3a1b169b2fb9d03467e2e3c0c752ea30e993be440a068b125fc7dd248b0/lxml-6.0.2-pp310-pypy310_pp73-manylinux_2_26_aarch64.manylinux_2_28_aarch64.whl", hash = "sha256:bc456d04db0515ce3320d714a1eac7a97774ff0849e7718b492d957da4631dd4", size = 4269357, upload-time = "2025-09-22T04:04:39.322Z" },
    { url = "https://files.pythonhosted.org/packages/77/a2/585a28fe3e67daa1cf2f06f34490d556d121c25d500b10082a7db96e3bcd/lxml-6.0.2-pp310-pypy310_pp73-manylinux_2_26_x86_64.manylinux_2_28_x86_64.whl", hash = "sha256:2613e67de13d619fd283d58bda40bff0ee07739f624ffee8b13b631abf33083d", size = 4412295, upload-time = "2025-09-22T04:04:41.647Z" },
    { url = "https://files.pythonhosted.org/packages/7b/d9/a57dd8bcebd7c69386c20263830d4fa72d27e6b72a229ef7a48e88952d9a/lxml-6.0.2-pp310-pypy310_pp73-win_amd64.whl", hash = "sha256:24a8e756c982c001ca8d59e87c80c4d9dcd4d9b44a4cbeb8d9be4482c514d41d", size = 3516913, upload-time = "2025-09-22T04:04:43.602Z" },
]

[[package]]
name = "numpy"
version = "1.26.4"
source = { registry = "https://pypi.org/simple" }
sdist = { url = "https://files.pythonhosted.org/packages/65/6e/09db70a523a96d25e115e71cc56a6f9031e7b8cd166c1ac8438307c14058/numpy-1.26.4.tar.gz", hash = "sha256:2a02aba9ed12e4ac4eb3ea9421c420301a0c6460d9830d74a9df87efa4912010", size = 15786129, upload-time = "2024-02-06T00:26:44.495Z" }
wheels = [
    { url = "https://files.pythonhosted.org/packages/a7/94/ace0fdea5241a27d13543ee117cbc65868e82213fb31a8eb7fe9ff23f313/numpy-1.26.4-cp310-cp310-macosx_10_9_x86_64.whl", hash = "sha256:9ff0f4f29c51e2803569d7a51c2304de5554655a60c5d776e35b4a41413830d0", size = 20631468, upload-time = "2024-02-05T23:48:01.194Z" },
    { url = "https://files.pythonhosted.org/packages/20/f7/b24208eba89f9d1b58c1668bc6c8c4fd472b20c45573cb767f59d49fb0f6/numpy-1.26.4-cp310-cp310-macosx_11_0_arm64.whl", hash = "sha256:2e4ee3380d6de9c9ec04745830fd9e2eccb3e6cf790d39d7b98ffd19b0dd754a", size = 13966411, upload-time = "2024-02-05T23:48:29.038Z" },
    { url = "https://files.pythonhosted.org/packages/fc/a5/4beee6488160798683eed5bdb7eead455892c3b4e1f78d79d8d3f3b084ac/numpy-1.26.4-cp310-cp310-manylinux_2_17_aarch64.manylinux2014_aarch64.whl", hash = "sha256:d209d8969599b27ad20994c8e41936ee0964e6da07478d6c35016bc386b66ad4", size = 14219016, upload-time = "2024-02-05T23:48:54.098Z" },
    { url = "https://files.pythonhosted.org/packages/4b/d7/ecf66c1cd12dc28b4040b15ab4d17b773b87fa9d29ca16125de01adb36cd/numpy-1.26.4-cp310-cp310-manylinux_2_17_x86_64.manylinux2014_x86_64.whl", hash = "sha256:ffa75af20b44f8dba823498024771d5ac50620e6915abac414251bd971b4529f", size = 18240889, upload-time = "2024-02-05T23:49:25.361Z" },
    { url = "https://files.pythonhosted.org/packages/24/03/6f229fe3187546435c4f6f89f6d26c129d4f5bed40552899fcf1f0bf9e50/numpy-1.26.4-cp310-cp310-musllinux_1_1_aarch64.whl", hash = "sha256:62b8e4b1e28009ef2846b4c7852046736bab361f7aeadeb6a5b89ebec3c7055a", size = 13876746, upload-time = "2024-02-05T23:49:51.983Z" },
    { url = "https://files.pythonhosted.org/packages/39/fe/39ada9b094f01f5a35486577c848fe274e374bbf8d8f472e1423a0bbd26d/numpy-1.26.4-cp310-cp310-musllinux_1_1_x86_64.whl", hash = "sha256:a4abb4f9001ad2858e7ac189089c42178fcce737e4169dc61321660f1a96c7d2", size = 18078620, upload-time = "2024-02-05T23:50:22.515Z" },
    { url = "https://files.pythonhosted.org/packages/d5/ef/6ad11d51197aad206a9ad2286dc1aac6a378059e06e8cf22cd08ed4f20dc/numpy-1.26.4-cp310-cp310-win32.whl", hash = "sha256:bfe25acf8b437eb2a8b2d49d443800a5f18508cd811fea3181723922a8a82b07", size = 5972659, upload-time = "2024-02-05T23:50:35.834Z" },
    { url = "https://files.pythonhosted.org/packages/19/77/538f202862b9183f54108557bfda67e17603fc560c384559e769321c9d92/numpy-1.26.4-cp310-cp310-win_amd64.whl", hash = "sha256:b97fe8060236edf3662adfc2c633f56a08ae30560c56310562cb4f95500022d5", size = 15808905, upload-time = "2024-02-05T23:51:03.701Z" },
]

[[package]]
name = "pandas"
version = "1.5.3"
source = { registry = "https://pypi.org/simple" }
dependencies = [
    { name = "numpy" },
    { name = "python-dateutil" },
    { name = "pytz" },
]
sdist = { url = "https://files.pythonhosted.org/packages/74/ee/146cab1ff6d575b54ace8a6a5994048380dc94879b0125b25e62edcb9e52/pandas-1.5.3.tar.gz", hash = "sha256:74a3fd7e5a7ec052f183273dc7b0acd3a863edf7520f5d3a1765c04ffdb3b0b1", size = 5203060, upload-time = "2023-01-19T08:31:39.615Z" }
wheels = [
    { url = "https://files.pythonhosted.org/packages/a9/cd/34f6b0780301be81be804d7aa71d571457369e6131e2b330af2b0fed1aad/pandas-1.5.3-cp310-cp310-macosx_10_9_universal2.whl", hash = "sha256:3749077d86e3a2f0ed51367f30bf5b82e131cc0f14260c4d3e499186fccc4406", size = 18619230, upload-time = "2023-01-19T08:29:07.301Z" },
    { url = "https://files.pythonhosted.org/packages/5f/34/b7858bb7d6d6bf4d9df1dde777a11fcf3ff370e1d1b3956e3d0fcca8322c/pandas-1.5.3-cp310-cp310-macosx_10_9_x86_64.whl", hash = "sha256:972d8a45395f2a2d26733eb8d0f629b2f90bebe8e8eddbb8829b180c09639572", size = 11982991, upload-time = "2023-01-19T08:29:15.383Z" },
    { url = "https://files.pythonhosted.org/packages/b8/6c/005bd604994f7cbede4d7bf030614ef49a2213f76bc3d738ecf5b0dcc810/pandas-1.5.3-cp310-cp310-macosx_11_0_arm64.whl", hash = "sha256:50869a35cbb0f2e0cd5ec04b191e7b12ed688874bd05dd777c19b28cbea90996", size = 10927131, upload-time = "2023-01-19T08:29:20.342Z" },
    { url = "https://files.pythonhosted.org/packages/27/c7/35b81ce5f680f2dac55eac14d103245cd8cf656ae4a2ff3be2e69fd1d330/pandas-1.5.3-cp310-cp310-manylinux_2_17_aarch64.manylinux2014_aarch64.whl", hash = "sha256:c3ac844a0fe00bfaeb2c9b51ab1424e5c8744f89860b138434a363b1f620f354", size = 11368188, upload-time = "2023-01-19T08:29:25.807Z" },
    { url = "https://files.pythonhosted.org/packages/49/e2/79e46612dc25ebc7603dc11c560baa7266c90f9e48537ecf1a02a0dd6bff/pandas-1.5.3-cp310-cp310-manylinux_2_17_x86_64.manylinux2014_x86_64.whl", hash = "sha256:7a0a56cef15fd1586726dace5616db75ebcfec9179a3a55e78f72c5639fa2a23", size = 12062104, upload-time = "2023-01-19T08:29:30.695Z" },
    { url = "https://files.pythonhosted.org/packages/d9/cd/f27c2992cbe05a3e39937f73a4be635a9ec149ec3ca4467d8cf039718994/pandas-1.5.3-cp310-cp310-win_amd64.whl", hash = "sha256:478ff646ca42b20376e4ed3fa2e8d7341e8a63105586efe54fa2508ee087f328", size = 10362473, upload-time = "2023-01-19T08:29:37.506Z" },
]

[[package]]
name = "psycopg2-binary"
version = "2.9.10"
source = { registry = "https://pypi.org/simple" }
sdist = { url = "https://files.pythonhosted.org/packages/cb/0e/bdc8274dc0585090b4e3432267d7be4dfbfd8971c0fa59167c711105a6bf/psycopg2-binary-2.9.10.tar.gz", hash = "sha256:4b3df0e6990aa98acda57d983942eff13d824135fe2250e6522edaa782a06de2", size = 385764, upload-time = "2024-10-16T11:24:58.126Z" }
wheels = [
    { url = "https://files.pythonhosted.org/packages/7a/81/331257dbf2801cdb82105306042f7a1637cc752f65f2bb688188e0de5f0b/psycopg2_binary-2.9.10-cp310-cp310-macosx_12_0_x86_64.whl", hash = "sha256:0ea8e3d0ae83564f2fc554955d327fa081d065c8ca5cc6d2abb643e2c9c1200f", size = 3043397, upload-time = "2024-10-16T11:18:58.647Z" },
    { url = "https://files.pythonhosted.org/packages/e7/9a/7f4f2f031010bbfe6a02b4a15c01e12eb6b9b7b358ab33229f28baadbfc1/psycopg2_binary-2.9.10-cp310-cp310-macosx_14_0_arm64.whl", hash = "sha256:3e9c76f0ac6f92ecfc79516a8034a544926430f7b080ec5a0537bca389ee0906", size = 3274806, upload-time = "2024-10-16T11:19:03.935Z" },
    { url = "https://files.pythonhosted.org/packages/e5/57/8ddd4b374fa811a0b0a0f49b6abad1cde9cb34df73ea3348cc283fcd70b4/psycopg2_binary-2.9.10-cp310-cp310-manylinux_2_17_aarch64.manylinux2014_aarch64.whl", hash = "sha256:2ad26b467a405c798aaa1458ba09d7e2b6e5f96b1ce0ac15d82fd9f95dc38a92", size = 2851361, upload-time = "2024-10-16T11:19:07.277Z" },
    { url = "https://files.pythonhosted.org/packages/f9/66/d1e52c20d283f1f3a8e7e5c1e06851d432f123ef57b13043b4f9b21ffa1f/psycopg2_binary-2.9.10-cp310-cp310-manylinux_2_17_i686.manylinux2014_i686.whl", hash = "sha256:270934a475a0e4b6925b5f804e3809dd5f90f8613621d062848dd82f9cd62007", size = 3080836, upload-time = "2024-10-16T11:19:11.033Z" },
    { url = "https://files.pythonhosted.org/packages/a0/cb/592d44a9546aba78f8a1249021fe7c59d3afb8a0ba51434d6610cc3462b6/psycopg2_binary-2.9.10-cp310-cp310-manylinux_2_17_ppc64le.manylinux2014_ppc64le.whl", hash = "sha256:48b338f08d93e7be4ab2b5f1dbe69dc5e9ef07170fe1f86514422076d9c010d0", size = 3264552, upload-time = "2024-10-16T11:19:14.606Z" },
    { url = "https://files.pythonhosted.org/packages/64/33/c8548560b94b7617f203d7236d6cdf36fe1a5a3645600ada6efd79da946f/psycopg2_binary-2.9.10-cp310-cp310-manylinux_2_17_x86_64.manylinux2014_x86_64.whl", hash = "sha256:7f4152f8f76d2023aac16285576a9ecd2b11a9895373a1f10fd9db54b3ff06b4", size = 3019789, upload-time = "2024-10-16T11:19:18.889Z" },
    { url = "https://files.pythonhosted.org/packages/b0/0e/c2da0db5bea88a3be52307f88b75eec72c4de62814cbe9ee600c29c06334/psycopg2_binary-2.9.10-cp310-cp310-musllinux_1_2_aarch64.whl", hash = "sha256:32581b3020c72d7a421009ee1c6bf4a131ef5f0a968fab2e2de0c9d2bb4577f1", size = 2871776, upload-time = "2024-10-16T11:19:23.023Z" },
    { url = "https://files.pythonhosted.org/packages/15/d7/774afa1eadb787ddf41aab52d4c62785563e29949613c958955031408ae6/psycopg2_binary-2.9.10-cp310-cp310-musllinux_1_2_i686.whl", hash = "sha256:2ce3e21dc3437b1d960521eca599d57408a695a0d3c26797ea0f72e834c7ffe5", size = 2820959, upload-time = "2024-10-16T11:19:26.906Z" },
    { url = "https://files.pythonhosted.org/packages/5e/ed/440dc3f5991a8c6172a1cde44850ead0e483a375277a1aef7cfcec00af07/psycopg2_binary-2.9.10-cp310-cp310-musllinux_1_2_ppc64le.whl", hash = "sha256:e984839e75e0b60cfe75e351db53d6db750b00de45644c5d1f7ee5d1f34a1ce5", size = 2919329, upload-time = "2024-10-16T11:19:30.027Z" },
    { url = "https://files.pythonhosted.org/packages/03/be/2cc8f4282898306732d2ae7b7378ae14e8df3c1231b53579efa056aae887/psycopg2_binary-2.9.10-cp310-cp310-musllinux_1_2_x86_64.whl", hash = "sha256:3c4745a90b78e51d9ba06e2088a2fe0c693ae19cc8cb051ccda44e8df8a6eb53", size = 2957659, upload-time = "2024-10-16T11:19:32.864Z" },
    { url = "https://files.pythonhosted.org/packages/d0/12/fb8e4f485d98c570e00dad5800e9a2349cfe0f71a767c856857160d343a5/psycopg2_binary-2.9.10-cp310-cp310-win32.whl", hash = "sha256:e5720a5d25e3b99cd0dc5c8a440570469ff82659bb09431c1439b92caf184d3b", size = 1024605, upload-time = "2024-10-16T11:19:35.462Z" },
    { url = "https://files.pythonhosted.org/packages/22/4f/217cd2471ecf45d82905dd09085e049af8de6cfdc008b6663c3226dc1c98/psycopg2_binary-2.9.10-cp310-cp310-win_amd64.whl", hash = "sha256:3c18f74eb4386bf35e92ab2354a12c17e5eb4d9798e4c0ad3a00783eae7cd9f1", size = 1163817, upload-time = "2024-10-16T11:19:37.384Z" },
]

[[package]]
name = "python-dateutil"
version = "2.9.0.post0"
source = { registry = "https://pypi.org/simple" }
dependencies = [
    { name = "six" },
]
sdist = { url = "https://files.pythonhosted.org/packages/66/c0/0c8b6ad9f17a802ee498c46e004a0eb49bc148f2fd230864601a86dcf6db/python-dateutil-2.9.0.post0.tar.gz", hash = "sha256:37dd54208da7e1cd875388217d5e00ebd4179249f90fb72437e91a35459a0ad3", size = 342432, upload-time = "2024-03-01T18:36:20.211Z" }
wheels = [
    { url = "https://files.pythonhosted.org/packages/ec/57/56b9bcc3c9c6a792fcbaf139543cee77261f3651ca9da0c93f5c1221264b/python_dateutil-2.9.0.post0-py2.py3-none-any.whl", hash = "sha256:a8b2bc7bffae282281c8140a97d3aa9c14da0b136dfe83f850eea9a5f7470427", size = 229892, upload-time = "2024-03-01T18:36:18.57Z" },
]

[[package]]
name = "python-dotenv"
version = "1.1.1"
source = { registry = "https://pypi.org/simple" }
sdist = { url = "https://files.pythonhosted.org/packages/f6/b0/4bc07ccd3572a2f9df7e6782f52b0c6c90dcbb803ac4a167702d7d0dfe1e/python_dotenv-1.1.1.tar.gz", hash = "sha256:a8a6399716257f45be6a007360200409fce5cda2661e3dec71d23dc15f6189ab", size = 41978, upload-time = "2025-06-24T04:21:07.341Z" }
wheels = [
    { url = "https://files.pythonhosted.org/packages/5f/ed/539768cf28c661b5b068d66d96a2f155c4971a5d55684a514c1a0e0dec2f/python_dotenv-1.1.1-py3-none-any.whl", hash = "sha256:31f23644fe2602f88ff55e1f5c79ba497e01224ee7737937930c448e4d0e24dc", size = 20556, upload-time = "2025-06-24T04:21:06.073Z" },
]

[[package]]
name = "pytz"
version = "2025.2"
source = { registry = "https://pypi.org/simple" }
sdist = { url = "https://files.pythonhosted.org/packages/f8/bf/abbd3cdfb8fbc7fb3d4d38d320f2441b1e7cbe29be4f23797b4a2b5d8aac/pytz-2025.2.tar.gz", hash = "sha256:360b9e3dbb49a209c21ad61809c7fb453643e048b38924c765813546746e81c3", size = 320884, upload-time = "2025-03-25T02:25:00.538Z" }
wheels = [
    { url = "https://files.pythonhosted.org/packages/81/c4/34e93fe5f5429d7570ec1fa436f1986fb1f00c3e0f43a589fe2bbcd22c3f/pytz-2025.2-py2.py3-none-any.whl", hash = "sha256:5ddf76296dd8c44c26eb8f4b6f35488f3ccbf6fbbd7adee0b7262d43f0ec2f00", size = 509225, upload-time = "2025-03-25T02:24:58.468Z" },
]

[[package]]
name = "pyyaml"
version = "6.0.2"
source = { registry = "https://pypi.org/simple" }
sdist = { url = "https://files.pythonhosted.org/packages/54/ed/79a089b6be93607fa5cdaedf301d7dfb23af5f25c398d5ead2525b063e17/pyyaml-6.0.2.tar.gz", hash = "sha256:d584d9ec91ad65861cc08d42e834324ef890a082e591037abe114850ff7bbc3e", size = 130631, upload-time = "2024-08-06T20:33:50.674Z" }
wheels = [
    { url = "https://files.pythonhosted.org/packages/9b/95/a3fac87cb7158e231b5a6012e438c647e1a87f09f8e0d123acec8ab8bf71/PyYAML-6.0.2-cp310-cp310-macosx_10_9_x86_64.whl", hash = "sha256:0a9a2848a5b7feac301353437eb7d5957887edbf81d56e903999a75a3d743086", size = 184199, upload-time = "2024-08-06T20:31:40.178Z" },
    { url = "https://files.pythonhosted.org/packages/c7/7a/68bd47624dab8fd4afbfd3c48e3b79efe09098ae941de5b58abcbadff5cb/PyYAML-6.0.2-cp310-cp310-macosx_11_0_arm64.whl", hash = "sha256:29717114e51c84ddfba879543fb232a6ed60086602313ca38cce623c1d62cfbf", size = 171758, upload-time = "2024-08-06T20:31:42.173Z" },
    { url = "https://files.pythonhosted.org/packages/49/ee/14c54df452143b9ee9f0f29074d7ca5516a36edb0b4cc40c3f280131656f/PyYAML-6.0.2-cp310-cp310-manylinux_2_17_aarch64.manylinux2014_aarch64.whl", hash = "sha256:8824b5a04a04a047e72eea5cec3bc266db09e35de6bdfe34c9436ac5ee27d237", size = 718463, upload-time = "2024-08-06T20:31:44.263Z" },
    { url = "https://files.pythonhosted.org/packages/4d/61/de363a97476e766574650d742205be468921a7b532aa2499fcd886b62530/PyYAML-6.0.2-cp310-cp310-manylinux_2_17_s390x.manylinux2014_s390x.whl", hash = "sha256:7c36280e6fb8385e520936c3cb3b8042851904eba0e58d277dca80a5cfed590b", size = 719280, upload-time = "2024-08-06T20:31:50.199Z" },
    { url = "https://files.pythonhosted.org/packages/6b/4e/1523cb902fd98355e2e9ea5e5eb237cbc5f3ad5f3075fa65087aa0ecb669/PyYAML-6.0.2-cp310-cp310-manylinux_2_17_x86_64.manylinux2014_x86_64.whl", hash = "sha256:ec031d5d2feb36d1d1a24380e4db6d43695f3748343d99434e6f5f9156aaa2ed", size = 751239, upload-time = "2024-08-06T20:31:52.292Z" },
    { url = "https://files.pythonhosted.org/packages/b7/33/5504b3a9a4464893c32f118a9cc045190a91637b119a9c881da1cf6b7a72/PyYAML-6.0.2-cp310-cp310-musllinux_1_1_aarch64.whl", hash = "sha256:936d68689298c36b53b29f23c6dbb74de12b4ac12ca6cfe0e047bedceea56180", size = 695802, upload-time = "2024-08-06T20:31:53.836Z" },
    { url = "https://files.pythonhosted.org/packages/5c/20/8347dcabd41ef3a3cdc4f7b7a2aff3d06598c8779faa189cdbf878b626a4/PyYAML-6.0.2-cp310-cp310-musllinux_1_1_x86_64.whl", hash = "sha256:23502f431948090f597378482b4812b0caae32c22213aecf3b55325e049a6c68", size = 720527, upload-time = "2024-08-06T20:31:55.565Z" },
    { url = "https://files.pythonhosted.org/packages/be/aa/5afe99233fb360d0ff37377145a949ae258aaab831bde4792b32650a4378/PyYAML-6.0.2-cp310-cp310-win32.whl", hash = "sha256:2e99c6826ffa974fe6e27cdb5ed0021786b03fc98e5ee3c5bfe1fd5015f42b99", size = 144052, upload-time = "2024-08-06T20:31:56.914Z" },
    { url = "https://files.pythonhosted.org/packages/b5/84/0fa4b06f6d6c958d207620fc60005e241ecedceee58931bb20138e1e5776/PyYAML-6.0.2-cp310-cp310-win_amd64.whl", hash = "sha256:a4d3091415f010369ae4ed1fc6b79def9416358877534caf6a0fdd2146c87a3e", size = 161774, upload-time = "2024-08-06T20:31:58.304Z" },
]

[[package]]
name = "requests"
version = "2.32.5"
source = { registry = "https://pypi.org/simple" }
dependencies = [
    { name = "certifi" },
    { name = "charset-normalizer" },
    { name = "idna" },
    { name = "urllib3" },
]
sdist = { url = "https://files.pythonhosted.org/packages/c9/74/b3ff8e6c8446842c3f5c837e9c3dfcfe2018ea6ecef224c710c85ef728f4/requests-2.32.5.tar.gz", hash = "sha256:dbba0bac56e100853db0ea71b82b4dfd5fe2bf6d3754a8893c3af500cec7d7cf", size = 134517, upload-time = "2025-08-18T20:46:02.573Z" }
wheels = [
    { url = "https://files.pythonhosted.org/packages/1e/db/4254e3eabe8020b458f1a747140d32277ec7a271daf1d235b70dc0b4e6e3/requests-2.32.5-py3-none-any.whl", hash = "sha256:2462f94637a34fd532264295e186976db0f5d453d1cdd31473c85a6a161affb6", size = 64738, upload-time = "2025-08-18T20:46:00.542Z" },
]

[[package]]
name = "sentry-sdk"
version = "2.38.0"
source = { registry = "https://pypi.org/simple" }
dependencies = [
    { name = "certifi" },
    { name = "urllib3" },
]
sdist = { url = "https://files.pythonhosted.org/packages/b2/22/60fd703b34d94d216b2387e048ac82de3e86b63bc28869fb076f8bb0204a/sentry_sdk-2.38.0.tar.gz", hash = "sha256:792d2af45e167e2f8a3347143f525b9b6bac6f058fb2014720b40b84ccbeb985", size = 348116, upload-time = "2025-09-15T15:00:37.846Z" }
wheels = [
    { url = "https://files.pythonhosted.org/packages/7a/84/bde4c4bbb269b71bc09316af8eb00da91f67814d40337cc12ef9c8742541/sentry_sdk-2.38.0-py2.py3-none-any.whl", hash = "sha256:2324aea8573a3fa1576df7fb4d65c4eb8d9929c8fa5939647397a07179eef8d0", size = 370346, upload-time = "2025-09-15T15:00:35.821Z" },
]

[[package]]
name = "shapely"
version = "2.1.2"
source = { registry = "https://pypi.org/simple" }
dependencies = [
    { name = "numpy" },
]
sdist = { url = "https://files.pythonhosted.org/packages/4d/bc/0989043118a27cccb4e906a46b7565ce36ca7b57f5a18b78f4f1b0f72d9d/shapely-2.1.2.tar.gz", hash = "sha256:2ed4ecb28320a433db18a5bf029986aa8afcfd740745e78847e330d5d94922a9", size = 315489, upload-time = "2025-09-24T13:51:41.432Z" }
wheels = [
    { url = "https://files.pythonhosted.org/packages/05/89/c3548aa9b9812a5d143986764dededfa48d817714e947398bdda87c77a72/shapely-2.1.2-cp310-cp310-macosx_10_9_x86_64.whl", hash = "sha256:7ae48c236c0324b4e139bea88a306a04ca630f49be66741b340729d380d8f52f", size = 1825959, upload-time = "2025-09-24T13:50:00.682Z" },
    { url = "https://files.pythonhosted.org/packages/ce/8a/7ebc947080442edd614ceebe0ce2cdbd00c25e832c240e1d1de61d0e6b38/shapely-2.1.2-cp310-cp310-macosx_11_0_arm64.whl", hash = "sha256:eba6710407f1daa8e7602c347dfc94adc02205ec27ed956346190d66579eb9ea", size = 1629196, upload-time = "2025-09-24T13:50:03.447Z" },
    { url = "https://files.pythonhosted.org/packages/c8/86/c9c27881c20d00fc409e7e059de569d5ed0abfcec9c49548b124ebddea51/shapely-2.1.2-cp310-cp310-manylinux2014_aarch64.manylinux_2_17_aarch64.whl", hash = "sha256:ef4a456cc8b7b3d50ccec29642aa4aeda959e9da2fe9540a92754770d5f0cf1f", size = 2951065, upload-time = "2025-09-24T13:50:05.266Z" },
    { url = "https://files.pythonhosted.org/packages/50/8a/0ab1f7433a2a85d9e9aea5b1fbb333f3b09b309e7817309250b4b7b2cc7a/shapely-2.1.2-cp310-cp310-manylinux2014_x86_64.manylinux_2_17_x86_64.whl", hash = "sha256:e38a190442aacc67ff9f75ce60aec04893041f16f97d242209106d502486a142", size = 3058666, upload-time = "2025-09-24T13:50:06.872Z" },
    { url = "https://files.pythonhosted.org/packages/bb/c6/5a30ffac9c4f3ffd5b7113a7f5299ccec4713acd5ee44039778a7698224e/shapely-2.1.2-cp310-cp310-musllinux_1_2_aarch64.whl", hash = "sha256:40d784101f5d06a1fd30b55fc11ea58a61be23f930d934d86f19a180909908a4", size = 3966905, upload-time = "2025-09-24T13:50:09.417Z" },
    { url = "https://files.pythonhosted.org/packages/9c/72/e92f3035ba43e53959007f928315a68fbcf2eeb4e5ededb6f0dc7ff1ecc3/shapely-2.1.2-cp310-cp310-musllinux_1_2_x86_64.whl", hash = "sha256:f6f6cd5819c50d9bcf921882784586aab34a4bd53e7553e175dece6db513a6f0", size = 4129260, upload-time = "2025-09-24T13:50:11.183Z" },
    { url = "https://files.pythonhosted.org/packages/42/24/605901b73a3d9f65fa958e63c9211f4be23d584da8a1a7487382fac7fdc5/shapely-2.1.2-cp310-cp310-win32.whl", hash = "sha256:fe9627c39c59e553c90f5bc3128252cb85dc3b3be8189710666d2f8bc3a5503e", size = 1544301, upload-time = "2025-09-24T13:50:12.521Z" },
    { url = "https://files.pythonhosted.org/packages/e1/89/6db795b8dd3919851856bd2ddd13ce434a748072f6fdee42ff30cbd3afa3/shapely-2.1.2-cp310-cp310-win_amd64.whl", hash = "sha256:1d0bfb4b8f661b3b4ec3565fa36c340bfb1cda82087199711f86a88647d26b2f", size = 1722074, upload-time = "2025-09-24T13:50:13.909Z" },
]

[[package]]
name = "six"
version = "1.17.0"
source = { registry = "https://pypi.org/simple" }
sdist = { url = "https://files.pythonhosted.org/packages/94/e7/b2c673351809dca68a0e064b6af791aa332cf192da575fd474ed7d6f16a2/six-1.17.0.tar.gz", hash = "sha256:ff70335d468e7eb6ec65b95b99d3a2836546063f63acc5171de367e834932a81", size = 34031, upload-time = "2024-12-04T17:35:28.174Z" }
wheels = [
    { url = "https://files.pythonhosted.org/packages/b7/ce/149a00dd41f10bc29e5921b496af8b574d8413afcd5e30dfa0ed46c2cc5e/six-1.17.0-py2.py3-none-any.whl", hash = "sha256:4721f391ed90541fddacab5acf947aa0d3dc7d27b2e1e8eda2be8970586c3274", size = 11050, upload-time = "2024-12-04T17:35:26.475Z" },
]

[[package]]
name = "sniffio"
version = "1.3.1"
source = { registry = "https://pypi.org/simple" }
sdist = { url = "https://files.pythonhosted.org/packages/a2/87/a6771e1546d97e7e041b6ae58d80074f81b7d5121207425c964ddf5cfdbd/sniffio-1.3.1.tar.gz", hash = "sha256:f4324edc670a0f49750a81b895f35c3adb843cca46f0530f79fc1babb23789dc", size = 20372, upload-time = "2024-02-25T23:20:04.057Z" }
wheels = [
    { url = "https://files.pythonhosted.org/packages/e9/44/75a9c9421471a6c4805dbf2356f7c181a29c1879239abab1ea2cc8f38b40/sniffio-1.3.1-py3-none-any.whl", hash = "sha256:2f6da418d1f1e0fddd844478f41680e794e6051915791a034ff65e5f100525a2", size = 10235, upload-time = "2024-02-25T23:20:01.196Z" },
]

[[package]]
name = "sqlalchemy"
version = "1.4.54"
source = { registry = "https://pypi.org/simple" }
dependencies = [
    { name = "greenlet", marker = "platform_machine == 'AMD64' or platform_machine == 'WIN32' or platform_machine == 'aarch64' or platform_machine == 'amd64' or platform_machine == 'ppc64le' or platform_machine == 'win32' or platform_machine == 'x86_64'" },
]
sdist = { url = "https://files.pythonhosted.org/packages/ce/af/20290b55d469e873cba9d41c0206ab5461ff49d759989b3fe65010f9d265/sqlalchemy-1.4.54.tar.gz", hash = "sha256:4470fbed088c35dc20b78a39aaf4ae54fe81790c783b3264872a0224f437c31a", size = 8470350, upload-time = "2024-09-05T15:54:10.398Z" }
wheels = [
    { url = "https://files.pythonhosted.org/packages/ef/7f/f7c1e0b65790649bd573f201aa958263a389f336d6e000a569275ff9bd97/SQLAlchemy-1.4.54-cp310-cp310-macosx_12_0_x86_64.whl", hash = "sha256:af00236fe21c4d4f4c227b6ccc19b44c594160cc3ff28d104cdce85855369277", size = 1573472, upload-time = "2024-09-05T17:38:45.351Z" },
    { url = "https://files.pythonhosted.org/packages/e1/da/ff7f0fe50844496db523613979651f076f44da8625b8ad89c503dcff0a52/SQLAlchemy-1.4.54-cp310-cp310-manylinux1_x86_64.manylinux2010_x86_64.manylinux_2_12_x86_64.manylinux_2_5_x86_64.manylinux_2_17_x86_64.manylinux2014_x86_64.whl", hash = "sha256:1183599e25fa38a1a322294b949da02b4f0da13dbc2688ef9dbe746df573f8a6", size = 1639088, upload-time = "2024-09-05T17:46:37.726Z" },
    { url = "https://files.pythonhosted.org/packages/04/45/3a35bb156aa2fd87b66a4992bb8d65593efd7e16ca2e0597e68c32c29037/SQLAlchemy-1.4.54-cp310-cp310-manylinux_2_17_aarch64.manylinux2014_aarch64.whl", hash = "sha256:1990d5a6a5dc358a0894c8ca02043fb9a5ad9538422001fb2826e91c50f1d539", size = 1627447, upload-time = "2024-09-05T17:45:32.379Z" },
    { url = "https://files.pythonhosted.org/packages/fe/5b/ed36a50e7147d0d090cd8e35de3b18d2c69a3e85df3be5fe42a570d6c331/SQLAlchemy-1.4.54-cp310-cp310-manylinux_2_5_x86_64.manylinux1_x86_64.manylinux_2_12_x86_64.manylinux2010_x86_64.whl", hash = "sha256:14b3f4783275339170984cadda66e3ec011cce87b405968dc8d51cf0f9997b0d", size = 1639081, upload-time = "2024-09-05T17:46:39.895Z" },
    { url = "https://files.pythonhosted.org/packages/4b/75/bfbdeb5dece7bc98acb414751a62ee43398b34b10133b1853f4282597757/SQLAlchemy-1.4.54-cp310-cp310-manylinux_2_5_x86_64.manylinux1_x86_64.manylinux_2_17_x86_64.manylinux2014_x86_64.whl", hash = "sha256:6b24364150738ce488333b3fb48bfa14c189a66de41cd632796fbcacb26b4585", size = 1638975, upload-time = "2024-09-05T17:46:41.569Z" },
    { url = "https://files.pythonhosted.org/packages/f7/62/358a9291d2fc3d51ad50557e126ad5f48200f199878437f7cb38817d607b/SQLAlchemy-1.4.54-cp310-cp310-win32.whl", hash = "sha256:a8a72259a1652f192c68377be7011eac3c463e9892ef2948828c7d58e4829988", size = 1591719, upload-time = "2024-09-05T17:52:26.646Z" },
    { url = "https://files.pythonhosted.org/packages/10/ad/87cd5578efdcef43a08ce4a21448192abf46bf69a5678ac0039e44364914/SQLAlchemy-1.4.54-cp310-cp310-win_amd64.whl", hash = "sha256:b67589f7955924865344e6eacfdcf70675e64f36800a576aa5e961f0008cde2a", size = 1593512, upload-time = "2024-09-05T17:51:21.402Z" },
]

[[package]]
name = "typing-extensions"
version = "4.15.0"
source = { registry = "https://pypi.org/simple" }
sdist = { url = "https://files.pythonhosted.org/packages/72/94/1a15dd82efb362ac84269196e94cf00f187f7ed21c242792a923cdb1c61f/typing_extensions-4.15.0.tar.gz", hash = "sha256:0cea48d173cc12fa28ecabc3b837ea3cf6f38c6d1136f85cbaaf598984861466", size = 109391, upload-time = "2025-08-25T13:49:26.313Z" }
wheels = [
    { url = "https://files.pythonhosted.org/packages/18/67/36e9267722cc04a6b9f15c7f3441c2363321a3ea07da7ae0c0707beb2a9c/typing_extensions-4.15.0-py3-none-any.whl", hash = "sha256:f0fa19c6845758ab08074a0cfa8b7aecb71c999ca73d62883bc25cc018c4e548", size = 44614, upload-time = "2025-08-25T13:49:24.86Z" },
]

[[package]]
name = "urllib3"
version = "2.5.0"
source = { registry = "https://pypi.org/simple" }
sdist = { url = "https://files.pythonhosted.org/packages/15/22/9ee70a2574a4f4599c47dd506532914ce044817c7752a79b6a51286319bc/urllib3-2.5.0.tar.gz", hash = "sha256:3fc47733c7e419d4bc3f6b3dc2b4f890bb743906a30d56ba4a5bfa4bbff92760", size = 393185, upload-time = "2025-06-18T14:07:41.644Z" }
wheels = [
    { url = "https://files.pythonhosted.org/packages/a7/c2/fe1e52489ae3122415c51f387e221dd0773709bad6c6cdaa599e8a2c5185/urllib3-2.5.0-py3-none-any.whl", hash = "sha256:e6b01673c0fa6a13e374b50871808eb3bf7046c4b125b216f6bf1cc604cff0dc", size = 129795, upload-time = "2025-06-18T14:07:40.39Z" },
]
